{
  "version": 4,
  "terraform_version": "1.6.0",
  "serial": 25,
  "lineage": "0182bbc5-1fce-18ef-d343-1270b7cdfa01",
  "outputs": {
    "cluster_ca_certificate": {
      "value": "LS0tLS1CRUdJTiBDRVJUSUZJQ0FURS0tLS0tCk1JSUVMVENDQXBXZ0F3SUJBZ0lSQU91S3VBUXVVa09zeDlObnlNeWxaZTB3RFFZSktvWklodmNOQVFFTEJRQXcKTHpFdE1Dc0dBMVVFQXhNa09UQmhOREpsWVdRdE5URTFPUzAwWkdRMUxUZ3lOek10Wm1abE9UVmpZbVV6TkRCaQpNQ0FYRFRJMU1USXlNekU0TWprMU0xb1lEekl3TlRVeE1qRTJNVGt5T1RVeldqQXZNUzB3S3dZRFZRUURFeVE1Ck1HRTBNbVZoWkMwMU1UVTVMVFJrWkRVdE9ESTNNeTFtWm1VNU5XTmlaVE0wTUdJd2dnR2lNQTBHQ1NxR1NJYjMKRFFFQkFRVUFBNElCandBd2dnR0tBb0lCZ1FDOXVBeWVVdmsxcWxpbVZ6T1JIbDI2NnFiVWUvZWhDUElrcUJzQgoyZVZZMXI4L0hma3F0SFVKWWZLbGhZOVVGVHlkSnJZb25nMDZOMmZnSnNhYlRJck1henJHRCtIcE5WWWxvVFZhCkxVYmRhajEyV2p0ei9VUHIwaEhwVHY3amRnNm10cFpYUzYyY0ErRExYcDB3ZEVFeC9PQVJnV3R6M2ZpdUUzZ0MKYWlxQnFrK3Q0Y1czblpTemNJb3hkYWdDN0xJV2hpdlpIY29yUXd0QTNFWTEvZzNEa3BoV0YyYUMwNDQyZTRMTwp6ZTllRkxkdGwxcTlYZmdxU2Z6R215REtzZk04elc4aWhDQlVVd2k5SUcvZXo5Si8wZnF6T3JERkJpOTNzcUEvClJURXo0K0h0c2tyc3Y2ck5FNExKYXlRWGR1MDFwb1VHVnBHZitWOGdiLzlXMmJzYTh0bGg4RUNNSU45YmVqeDcKL2dlWFFUUVRXS1NQdnFEdW9Ib0p6V0wxRlEvM0tSWmU0Y0RTbDFHSFo0QWtXT3R4aCtsNVVOQnJWSjRmdmdWMwpwdmgzcENRU1NuTVAyZzlOb1lwVXhjR29wT3VLTXlTOVZuNWtvMEZtWTdzdEY5dDhwVzAzZ0NFbFRSeGVpQkdVCnpJSEllbVdBcldERkpqMm5DZ0E5cU4yNkdvTUNBd0VBQWFOQ01FQXdEZ1lEVlIwUEFRSC9CQVFEQWdJRU1BOEcKQTFVZEV3RUIvd1FGTUFNQkFmOHdIUVlEVlIwT0JCWUVGTWFKTDg0OUJESldhMU5YeHd3THk3aExMMTdVTUEwRwpDU3FHU0liM0RRRUJDd1VBQTRJQmdRQzVOUGJ5bmc1OWxYNU9UblJIb2g5bVlUN3llc2xyeVJ1Skw3S3Z0aW5YCnNHRXc2SEg2d0svblNSQU54K2FBVjYydEovTFZMd1BFcXdKdFBNSFQzQnZ0SnEvc2RmZzdPZDY0M0V5ZXNwM2YKa2NLazh3MVQwSDBwVXF2WVhvcUVQV0FFM1JXZWExei9ldUNFNXAraEtMOGdFVTRlNjRWZWVDbjlyazA1Uzk0eApWRXFUY1VDVnlHcWZvS3pleVY0WWNBMGJhL0lhR2cvV1o4TnVvZjlSRnZyV284aUZVL1VCMlozVFd3c2FzblR0ClVGY0N4N1JmMXIyQUhzUE1GS3BKWUhRcS84WEVWMldUbDB5emY4RWtPekZlcDc2U3F0VGtuNjgrS1F5c0FVNFcKcUF6WXA3ZXhET0p2T2hZcloyNEV0RzI1SHpOT0lIeHRLV0k3d2NBTjQzdTRidy8rc2I2OUxJaC8yTVZkU3ZUUwpRTlFrdVFFNGtleDBCSWZDSzVLazhpNUpNMlFFUkxNU1lZR3Z0N2tiM1EyeThRSEt5cUpYTEN5Rkk3MXVLd0sxCnFPV3pySEYxT3Vra3dZakwyZzhTbkw0SUNycWh1RDBWYWluL3ZBY2h3OWpWdVRxK0JFekpPVThUWnUySm5uQTMKbFM0RUpncDNHU1VDVEdMSENaQXVvV0U9Ci0tLS0tRU5EIENFUlRJRklDQVRFLS0tLS0K",
      "type": "string",
      "sensitive": true
    },
    "gcs_bucket": {
      "value": "dampf-app-team8-game-bucket",
      "type": "string"
    },
    "ingress_ip": {
      "value": "34.38.107.21",
      "type": "string"
    },
    "kubernetes_cluster_endpoint": {
      "value": "35.233.48.188",
      "type": "string",
      "sensitive": true
    },
    "kubernetes_cluster_name": {
      "value": "bordspel-platform-team8",
      "type": "string"
    },
    "project_id": {
      "value": "ip2-devops4-480317",
      "type": "string"
    },
    "region": {
      "value": "europe-west1",
      "type": "string"
    }
  },
  "resources": [
    {
      "mode": "data",
      "type": "google_client_config",
      "name": "default",
      "provider": "provider[\"registry.opentofu.org/hashicorp/google\"]",
      "instances": [
        {
          "schema_version": 0,
          "attributes": {
            "access_token": "ya29.c.c0AYnqXljMD6_93qnKiaT1KJ_kHvSzKJ13jmxNg9T91eJlGqEYvl2zTPVL1fUiHS-Fdw1quzo3BxfUNO5H2DdAxO9kPrL5t6NBdruC-9bleOBfDQGettSnE4wBkZI89lIZyphdvSx9bpJ5ZBaFrkKncdL4lCdaz9_nRQNRXGPgdsWOqTMa_uuCNK8bJZeN_8gx41kMo659fE74r5ZjFq4cQGnNJGdguOxdGSa9BwPYG59sDwvg_HpwZycyrfOutxW6HoDURZUMIYRWADMc_btElA63Ff-D6DsjMwbJO0xe_ohKNx6SdYHB2MBvbZb8cxXMaTdPqhgjsg5wpFfWEvHk5AgrbbnCuls6OcAcIIT_3ReL2Q6epyRqlfvR7gE387Kh_nV9kkVy3-UgshV0l3s_9Is8ppWqcjlztr0gzVSmgcwiW49Z0xt-jB9eXlb8wiVp2cirytBfk-3R-UmdbgSJO1JsdjeY5qXzUY5-rXsMrecwyz7e6dpIuyRtYp0jQegMq3e8Je0n-c5rXy5Suir5rfcvSgV42B7jMcp_ymYbzbF9-y8OYc8ygOoRgJy3VYnSm3_RxMOuXs-xgmM6V7tmr093geu6j1OpjhMa4jhSzoBms3pwq92Mh5lnMce5x0a8fygXOBUm_gmIZUlMFZnJYYpa_zVk4U_g1--iYx4wOwa_UUvIc9wMjFpZwhu2kxBudst_FQk0y4-nVrBl7sxaVBQM41qgS9W1bj98z88fS5qe08a4ee9IgIdIta8jJOQ_qnJkt5tB4f0Y8d8X1Rz4uIgQXj114e-5cpyubsJVBMsOhzYz39Ul9d_2BqIz5khy5l22sR_XB_VwhOMiOyBSkFJpO6-Z3Qgo4axpO15tOkYwFhZusYo7qbn42Fjr2yBq8uufyiXt2BnqtY8c438lywxnof972wJSjrJtRndx_9Fs_v307VzuUyzsWiWtIm5jpnpxV7xXSvJgkyORBV6otocX3ZhBlvx_cr8hbWpO7Wmet0IXpqeoXnp",
            "default_labels": null,
            "id": "projects/\"ip2-devops4-480317\"/regions/\"europe-west1\"/zones/\u003cnull\u003e",
            "project": "ip2-devops4-480317",
            "region": "europe-west1",
            "zone": null
          },
          "sensitive_attributes": []
        }
      ]
    },
    {
      "mode": "managed",
      "type": "google_compute_address",
      "name": "ingress",
      "provider": "provider[\"registry.opentofu.org/hashicorp/google\"]",
      "instances": [
        {
          "schema_version": 0,
          "attributes": {
            "address": "34.38.107.21",
            "address_type": "EXTERNAL",
            "creation_timestamp": "2025-12-23T11:29:09.839-08:00",
            "description": "",
            "effective_labels": {},
            "id": "projects/ip2-devops4-480317/regions/europe-west1/addresses/bordspel-ingress-ip-team8",
            "ip_version": "",
            "ipv6_endpoint_type": "",
            "label_fingerprint": "42WmSpB8rSM=",
            "labels": {},
            "name": "bordspel-ingress-ip-team8",
            "network": "",
            "network_tier": "PREMIUM",
            "prefix_length": 0,
            "project": "ip2-devops4-480317",
            "purpose": "",
            "region": "europe-west1",
            "self_link": "https://www.googleapis.com/compute/v1/projects/ip2-devops4-480317/regions/europe-west1/addresses/bordspel-ingress-ip-team8",
            "subnetwork": "",
            "terraform_labels": {},
            "timeouts": null,
            "users": []
          },
          "sensitive_attributes": [],
          "private": "eyJlMmJmYjczMC1lY2FhLTExZTYtOGY4OC0zNDM2M2JjN2M0YzAiOnsiY3JlYXRlIjoxMjAwMDAwMDAwMDAwLCJkZWxldGUiOjEyMDAwMDAwMDAwMDAsInVwZGF0ZSI6MTIwMDAwMDAwMDAwMH19"
        }
      ]
    },
    {
      "mode": "managed",
      "type": "google_compute_firewall",
      "name": "allow_http_https",
      "provider": "provider[\"registry.opentofu.org/hashicorp/google\"]",
      "instances": [
        {
          "schema_version": 1,
          "attributes": {
            "allow": [
              {
                "ports": [
                  "80",
                  "443"
                ],
                "protocol": "tcp"
              }
            ],
            "creation_timestamp": "2025-12-23T11:29:31.594-08:00",
            "deny": [],
            "description": "",
            "destination_ranges": [],
            "direction": "INGRESS",
            "disabled": false,
            "enable_logging": null,
            "id": "projects/ip2-devops4-480317/global/firewalls/allow-http-https-team8",
            "log_config": [],
            "name": "allow-http-https-team8",
            "network": "https://www.googleapis.com/compute/v1/projects/ip2-devops4-480317/global/networks/bordspel-network-team8",
            "priority": 1000,
            "project": "ip2-devops4-480317",
            "self_link": "https://www.googleapis.com/compute/v1/projects/ip2-devops4-480317/global/firewalls/allow-http-https-team8",
            "source_ranges": [
              "0.0.0.0/0"
            ],
            "source_service_accounts": [],
            "source_tags": [],
            "target_service_accounts": [],
            "target_tags": [],
            "timeouts": null
          },
          "sensitive_attributes": [],
          "private": "eyJlMmJmYjczMC1lY2FhLTExZTYtOGY4OC0zNDM2M2JjN2M0YzAiOnsiY3JlYXRlIjoxMjAwMDAwMDAwMDAwLCJkZWxldGUiOjEyMDAwMDAwMDAwMDAsInVwZGF0ZSI6MTIwMDAwMDAwMDAwMH0sInNjaGVtYV92ZXJzaW9uIjoiMSJ9",
          "dependencies": [
            "google_compute_network.vpc"
          ]
        }
      ]
    },
    {
      "mode": "managed",
      "type": "google_compute_firewall",
      "name": "allow_internal",
      "provider": "provider[\"registry.opentofu.org/hashicorp/google\"]",
      "instances": [
        {
          "schema_version": 1,
          "attributes": {
            "allow": [
              {
                "ports": [
                  "0-65535"
                ],
                "protocol": "tcp"
              },
              {
                "ports": [
                  "0-65535"
                ],
                "protocol": "udp"
              }
            ],
            "creation_timestamp": "2025-12-23T11:29:31.456-08:00",
            "deny": [],
            "description": "",
            "destination_ranges": [],
            "direction": "INGRESS",
            "disabled": false,
            "enable_logging": null,
            "id": "projects/ip2-devops4-480317/global/firewalls/allow-internal-team8",
            "log_config": [],
            "name": "allow-internal-team8",
            "network": "https://www.googleapis.com/compute/v1/projects/ip2-devops4-480317/global/networks/bordspel-network-team8",
            "priority": 1000,
            "project": "ip2-devops4-480317",
            "self_link": "https://www.googleapis.com/compute/v1/projects/ip2-devops4-480317/global/firewalls/allow-internal-team8",
            "source_ranges": [
              "10.0.0.0/20"
            ],
            "source_service_accounts": [],
            "source_tags": [],
            "target_service_accounts": [],
            "target_tags": [],
            "timeouts": null
          },
          "sensitive_attributes": [],
          "private": "eyJlMmJmYjczMC1lY2FhLTExZTYtOGY4OC0zNDM2M2JjN2M0YzAiOnsiY3JlYXRlIjoxMjAwMDAwMDAwMDAwLCJkZWxldGUiOjEyMDAwMDAwMDAwMDAsInVwZGF0ZSI6MTIwMDAwMDAwMDAwMH0sInNjaGVtYV92ZXJzaW9uIjoiMSJ9",
          "dependencies": [
            "google_compute_network.vpc"
          ]
        }
      ]
    },
    {
      "mode": "managed",
      "type": "google_compute_firewall",
      "name": "allow_ssh",
      "provider": "provider[\"registry.opentofu.org/hashicorp/google\"]",
      "instances": [
        {
          "schema_version": 1,
          "attributes": {
            "allow": [
              {
                "ports": [
                  "22"
                ],
                "protocol": "tcp"
              }
            ],
            "creation_timestamp": "2025-12-23T11:29:31.350-08:00",
            "deny": [],
            "description": "",
            "destination_ranges": [],
            "direction": "INGRESS",
            "disabled": false,
            "enable_logging": null,
            "id": "projects/ip2-devops4-480317/global/firewalls/allow-ssh-team8",
            "log_config": [],
            "name": "allow-ssh-team8",
            "network": "https://www.googleapis.com/compute/v1/projects/ip2-devops4-480317/global/networks/bordspel-network-team8",
            "priority": 1000,
            "project": "ip2-devops4-480317",
            "self_link": "https://www.googleapis.com/compute/v1/projects/ip2-devops4-480317/global/firewalls/allow-ssh-team8",
            "source_ranges": [
              "0.0.0.0/0"
            ],
            "source_service_accounts": [],
            "source_tags": [],
            "target_service_accounts": [],
            "target_tags": [],
            "timeouts": null
          },
          "sensitive_attributes": [],
          "private": "eyJlMmJmYjczMC1lY2FhLTExZTYtOGY4OC0zNDM2M2JjN2M0YzAiOnsiY3JlYXRlIjoxMjAwMDAwMDAwMDAwLCJkZWxldGUiOjEyMDAwMDAwMDAwMDAsInVwZGF0ZSI6MTIwMDAwMDAwMDAwMH0sInNjaGVtYV92ZXJzaW9uIjoiMSJ9",
          "dependencies": [
            "google_compute_network.vpc"
          ]
        }
      ]
    },
    {
      "mode": "managed",
      "type": "google_compute_network",
      "name": "vpc",
      "provider": "provider[\"registry.opentofu.org/hashicorp/google\"]",
      "instances": [
        {
          "schema_version": 0,
          "attributes": {
            "auto_create_subnetworks": false,
            "delete_default_routes_on_create": false,
            "description": "",
            "enable_ula_internal_ipv6": false,
            "gateway_ipv4": "",
            "id": "projects/ip2-devops4-480317/global/networks/bordspel-network-team8",
            "internal_ipv6_range": "",
            "mtu": 0,
            "name": "bordspel-network-team8",
            "network_firewall_policy_enforcement_order": "AFTER_CLASSIC_FIREWALL",
            "numeric_id": "9007904500046320490",
            "project": "ip2-devops4-480317",
            "routing_mode": "REGIONAL",
            "self_link": "https://www.googleapis.com/compute/v1/projects/ip2-devops4-480317/global/networks/bordspel-network-team8",
            "timeouts": null
          },
          "sensitive_attributes": [],
          "private": "eyJlMmJmYjczMC1lY2FhLTExZTYtOGY4OC0zNDM2M2JjN2M0YzAiOnsiY3JlYXRlIjoxMjAwMDAwMDAwMDAwLCJkZWxldGUiOjEyMDAwMDAwMDAwMDAsInVwZGF0ZSI6MTIwMDAwMDAwMDAwMH19"
        }
      ]
    },
    {
      "mode": "managed",
      "type": "google_compute_subnetwork",
      "name": "subnet",
      "provider": "provider[\"registry.opentofu.org/hashicorp/google\"]",
      "instances": [
        {
          "schema_version": 0,
          "attributes": {
            "creation_timestamp": "2025-12-23T11:29:31.592-08:00",
            "description": "",
            "external_ipv6_prefix": "",
            "fingerprint": null,
            "gateway_address": "10.0.0.1",
            "id": "projects/ip2-devops4-480317/regions/europe-west1/subnetworks/bordspel-subnet-team8",
            "internal_ipv6_prefix": "",
            "ip_cidr_range": "10.0.0.0/20",
            "ipv6_access_type": "",
            "ipv6_cidr_range": "",
            "log_config": [],
            "name": "bordspel-subnet-team8",
            "network": "https://www.googleapis.com/compute/v1/projects/ip2-devops4-480317/global/networks/bordspel-network-team8",
            "private_ip_google_access": true,
            "private_ipv6_google_access": "DISABLE_GOOGLE_ACCESS",
            "project": "ip2-devops4-480317",
            "purpose": "PRIVATE",
            "region": "europe-west1",
            "role": "",
            "secondary_ip_range": [
              {
                "ip_cidr_range": "10.248.0.0/14",
                "range_name": "gke-bordspel-platform-team8-pods-41ab1ec8"
              }
            ],
            "self_link": "https://www.googleapis.com/compute/v1/projects/ip2-devops4-480317/regions/europe-west1/subnetworks/bordspel-subnet-team8",
            "send_secondary_ip_range_if_empty": null,
            "stack_type": "IPV4_ONLY",
            "timeouts": null
          },
          "sensitive_attributes": [],
          "private": "eyJlMmJmYjczMC1lY2FhLTExZTYtOGY4OC0zNDM2M2JjN2M0YzAiOnsiY3JlYXRlIjoxMjAwMDAwMDAwMDAwLCJkZWxldGUiOjEyMDAwMDAwMDAwMDAsInVwZGF0ZSI6MTIwMDAwMDAwMDAwMH19",
          "dependencies": [
            "google_compute_network.vpc"
          ]
        }
      ]
    },
    {
      "mode": "managed",
      "type": "google_container_cluster",
      "name": "primary",
      "provider": "provider[\"registry.opentofu.org/hashicorp/google\"]",
      "instances": [
        {
          "schema_version": 2,
          "attributes": {
            "addons_config": [
              {
                "cloudrun_config": [],
                "config_connector_config": [],
                "dns_cache_config": [],
                "gce_persistent_disk_csi_driver_config": [
                  {
                    "enabled": true
                  }
                ],
                "gcp_filestore_csi_driver_config": [],
                "gcs_fuse_csi_driver_config": [],
                "gke_backup_agent_config": [],
                "horizontal_pod_autoscaling": [
                  {
                    "disabled": false
                  }
                ],
                "http_load_balancing": [
                  {
                    "disabled": false
                  }
                ],
                "network_policy_config": [
                  {
                    "disabled": true
                  }
                ],
                "ray_operator_config": [],
                "stateful_ha_config": []
              }
            ],
            "allow_net_admin": null,
            "authenticator_groups_config": [],
            "binary_authorization": [
              {
                "enabled": false,
                "evaluation_mode": ""
              }
            ],
            "cluster_autoscaling": [
              {
                "auto_provisioning_defaults": [],
                "auto_provisioning_locations": [],
                "autoscaling_profile": "BALANCED",
                "enabled": false,
                "resource_limits": []
              }
            ],
            "cluster_ipv4_cidr": "10.248.0.0/14",
            "confidential_nodes": [],
            "cost_management_config": [],
            "database_encryption": [
              {
                "key_name": "",
                "state": "DECRYPTED"
              }
            ],
            "datapath_provider": "",
            "default_max_pods_per_node": 110,
            "default_snat_status": [
              {
                "disabled": false
              }
            ],
            "deletion_protection": false,
            "description": "",
            "dns_config": [],
            "enable_autopilot": false,
            "enable_cilium_clusterwide_network_policy": false,
            "enable_intranode_visibility": false,
            "enable_k8s_beta_apis": [],
            "enable_kubernetes_alpha": false,
            "enable_l4_ilb_subsetting": false,
            "enable_legacy_abac": false,
            "enable_multi_networking": false,
            "enable_shielded_nodes": true,
            "enable_tpu": false,
            "endpoint": "35.233.48.188",
            "fleet": [],
            "gateway_api_config": [],
            "id": "projects/ip2-devops4-480317/locations/europe-west1-b/clusters/bordspel-platform-team8",
            "identity_service_config": [],
            "initial_node_count": 1,
            "ip_allocation_policy": [
              {
                "additional_pod_ranges_config": [],
                "cluster_ipv4_cidr_block": "10.248.0.0/14",
                "cluster_secondary_range_name": "gke-bordspel-platform-team8-pods-41ab1ec8",
                "pod_cidr_overprovision_config": [
                  {
                    "disabled": false
                  }
                ],
                "services_ipv4_cidr_block": "34.118.224.0/20",
                "services_secondary_range_name": "",
                "stack_type": "IPV4"
              }
            ],
            "label_fingerprint": "a9dc16a7",
            "location": "europe-west1-b",
            "logging_config": [
              {
                "enable_components": [
                  "SYSTEM_COMPONENTS",
                  "WORKLOADS"
                ]
              }
            ],
            "logging_service": "logging.googleapis.com/kubernetes",
            "maintenance_policy": [
              {
                "daily_maintenance_window": [
                  {
                    "duration": "PT4H0M0S",
                    "start_time": "03:00"
                  }
                ],
                "maintenance_exclusion": [],
                "recurring_window": []
              }
            ],
            "master_auth": [
              {
                "client_certificate": "",
                "client_certificate_config": [
                  {
                    "issue_client_certificate": false
                  }
                ],
                "client_key": "",
                "cluster_ca_certificate": "LS0tLS1CRUdJTiBDRVJUSUZJQ0FURS0tLS0tCk1JSUVMVENDQXBXZ0F3SUJBZ0lSQU91S3VBUXVVa09zeDlObnlNeWxaZTB3RFFZSktvWklodmNOQVFFTEJRQXcKTHpFdE1Dc0dBMVVFQXhNa09UQmhOREpsWVdRdE5URTFPUzAwWkdRMUxUZ3lOek10Wm1abE9UVmpZbVV6TkRCaQpNQ0FYRFRJMU1USXlNekU0TWprMU0xb1lEekl3TlRVeE1qRTJNVGt5T1RVeldqQXZNUzB3S3dZRFZRUURFeVE1Ck1HRTBNbVZoWkMwMU1UVTVMVFJrWkRVdE9ESTNNeTFtWm1VNU5XTmlaVE0wTUdJd2dnR2lNQTBHQ1NxR1NJYjMKRFFFQkFRVUFBNElCandBd2dnR0tBb0lCZ1FDOXVBeWVVdmsxcWxpbVZ6T1JIbDI2NnFiVWUvZWhDUElrcUJzQgoyZVZZMXI4L0hma3F0SFVKWWZLbGhZOVVGVHlkSnJZb25nMDZOMmZnSnNhYlRJck1henJHRCtIcE5WWWxvVFZhCkxVYmRhajEyV2p0ei9VUHIwaEhwVHY3amRnNm10cFpYUzYyY0ErRExYcDB3ZEVFeC9PQVJnV3R6M2ZpdUUzZ0MKYWlxQnFrK3Q0Y1czblpTemNJb3hkYWdDN0xJV2hpdlpIY29yUXd0QTNFWTEvZzNEa3BoV0YyYUMwNDQyZTRMTwp6ZTllRkxkdGwxcTlYZmdxU2Z6R215REtzZk04elc4aWhDQlVVd2k5SUcvZXo5Si8wZnF6T3JERkJpOTNzcUEvClJURXo0K0h0c2tyc3Y2ck5FNExKYXlRWGR1MDFwb1VHVnBHZitWOGdiLzlXMmJzYTh0bGg4RUNNSU45YmVqeDcKL2dlWFFUUVRXS1NQdnFEdW9Ib0p6V0wxRlEvM0tSWmU0Y0RTbDFHSFo0QWtXT3R4aCtsNVVOQnJWSjRmdmdWMwpwdmgzcENRU1NuTVAyZzlOb1lwVXhjR29wT3VLTXlTOVZuNWtvMEZtWTdzdEY5dDhwVzAzZ0NFbFRSeGVpQkdVCnpJSEllbVdBcldERkpqMm5DZ0E5cU4yNkdvTUNBd0VBQWFOQ01FQXdEZ1lEVlIwUEFRSC9CQVFEQWdJRU1BOEcKQTFVZEV3RUIvd1FGTUFNQkFmOHdIUVlEVlIwT0JCWUVGTWFKTDg0OUJESldhMU5YeHd3THk3aExMMTdVTUEwRwpDU3FHU0liM0RRRUJDd1VBQTRJQmdRQzVOUGJ5bmc1OWxYNU9UblJIb2g5bVlUN3llc2xyeVJ1Skw3S3Z0aW5YCnNHRXc2SEg2d0svblNSQU54K2FBVjYydEovTFZMd1BFcXdKdFBNSFQzQnZ0SnEvc2RmZzdPZDY0M0V5ZXNwM2YKa2NLazh3MVQwSDBwVXF2WVhvcUVQV0FFM1JXZWExei9ldUNFNXAraEtMOGdFVTRlNjRWZWVDbjlyazA1Uzk0eApWRXFUY1VDVnlHcWZvS3pleVY0WWNBMGJhL0lhR2cvV1o4TnVvZjlSRnZyV284aUZVL1VCMlozVFd3c2FzblR0ClVGY0N4N1JmMXIyQUhzUE1GS3BKWUhRcS84WEVWMldUbDB5emY4RWtPekZlcDc2U3F0VGtuNjgrS1F5c0FVNFcKcUF6WXA3ZXhET0p2T2hZcloyNEV0RzI1SHpOT0lIeHRLV0k3d2NBTjQzdTRidy8rc2I2OUxJaC8yTVZkU3ZUUwpRTlFrdVFFNGtleDBCSWZDSzVLazhpNUpNMlFFUkxNU1lZR3Z0N2tiM1EyeThRSEt5cUpYTEN5Rkk3MXVLd0sxCnFPV3pySEYxT3Vra3dZakwyZzhTbkw0SUNycWh1RDBWYWluL3ZBY2h3OWpWdVRxK0JFekpPVThUWnUySm5uQTMKbFM0RUpncDNHU1VDVEdMSENaQXVvV0U9Ci0tLS0tRU5EIENFUlRJRklDQVRFLS0tLS0K"
              }
            ],
            "master_authorized_networks_config": [],
            "master_version": "1.33.5-gke.1308000",
            "mesh_certificates": [],
            "min_master_version": null,
            "monitoring_config": [
              {
                "advanced_datapath_observability_config": [
                  {
                    "enable_metrics": false,
                    "enable_relay": false,
                    "relay_mode": "DISABLED"
                  }
                ],
                "enable_components": [
                  "SYSTEM_COMPONENTS",
                  "HPA",
                  "POD",
                  "DAEMONSET",
                  "DEPLOYMENT",
                  "STATEFULSET",
                  "JOBSET",
                  "STORAGE",
                  "CADVISOR",
                  "KUBELET",
                  "DCGM"
                ],
                "managed_prometheus": [
                  {
                    "enabled": true
                  }
                ]
              }
            ],
            "monitoring_service": "monitoring.googleapis.com/kubernetes",
            "name": "bordspel-platform-team8",
            "network": "projects/ip2-devops4-480317/global/networks/bordspel-network-team8",
            "network_policy": [
              {
                "enabled": false,
                "provider": "PROVIDER_UNSPECIFIED"
              }
            ],
            "networking_mode": "VPC_NATIVE",
            "node_config": [],
            "node_locations": [],
            "node_pool": [],
            "node_pool_auto_config": [
              {
                "network_tags": [],
                "node_kubelet_config": [
                  {
                    "insecure_kubelet_readonly_port_enabled": "FALSE"
                  }
                ],
                "resource_manager_tags": {}
              }
            ],
            "node_pool_defaults": [
              {
                "node_config_defaults": [
                  {
                    "containerd_config": [],
                    "insecure_kubelet_readonly_port_enabled": "FALSE",
                    "logging_variant": "DEFAULT"
                  }
                ]
              }
            ],
            "node_version": "1.33.5-gke.1308000",
            "notification_config": [
              {
                "pubsub": [
                  {
                    "enabled": false,
                    "filter": [],
                    "topic": ""
                  }
                ]
              }
            ],
            "operation": null,
            "private_cluster_config": [
              {
                "enable_private_endpoint": false,
                "enable_private_nodes": false,
                "master_global_access_config": [
                  {
                    "enabled": false
                  }
                ],
                "master_ipv4_cidr_block": "",
                "peering_name": "",
                "private_endpoint": "10.0.0.2",
                "private_endpoint_subnetwork": "",
                "public_endpoint": "35.233.48.188"
              }
            ],
            "private_ipv6_google_access": "",
            "project": "ip2-devops4-480317",
            "release_channel": [
              {
                "channel": "REGULAR"
              }
            ],
            "remove_default_node_pool": true,
            "resource_labels": {},
            "resource_usage_export_config": [],
            "security_posture_config": [
              {
                "mode": "BASIC",
                "vulnerability_mode": "VULNERABILITY_MODE_UNSPECIFIED"
              }
            ],
            "self_link": "https://container.googleapis.com/v1/projects/ip2-devops4-480317/zones/europe-west1-b/clusters/bordspel-platform-team8",
            "service_external_ips_config": [
              {
                "enabled": false
              }
            ],
            "services_ipv4_cidr": "34.118.224.0/20",
            "subnetwork": "projects/ip2-devops4-480317/regions/europe-west1/subnetworks/bordspel-subnet-team8",
            "timeouts": null,
            "tpu_ipv4_cidr_block": "",
            "vertical_pod_autoscaling": [],
            "workload_identity_config": [
              {
                "workload_pool": "ip2-devops4-480317.svc.id.goog"
              }
            ]
          },
          "sensitive_attributes": [],
          "private": "eyJlMmJmYjczMC1lY2FhLTExZTYtOGY4OC0zNDM2M2JjN2M0YzAiOnsiY3JlYXRlIjoyNDAwMDAwMDAwMDAwLCJkZWxldGUiOjI0MDAwMDAwMDAwMDAsInJlYWQiOjI0MDAwMDAwMDAwMDAsInVwZGF0ZSI6MzYwMDAwMDAwMDAwMH0sInNjaGVtYV92ZXJzaW9uIjoiMiJ9",
          "dependencies": [
            "google_compute_network.vpc",
            "google_compute_subnetwork.subnet"
          ]
        }
      ]
    },
    {
      "mode": "managed",
      "type": "google_container_node_pool",
      "name": "primary_nodes",
      "provider": "provider[\"registry.opentofu.org/hashicorp/google\"]",
      "instances": [
        {
          "schema_version": 1,
          "attributes": {
            "autoscaling": [
              {
                "location_policy": "BALANCED",
                "max_node_count": 5,
                "min_node_count": 1,
                "total_max_node_count": 0,
                "total_min_node_count": 0
              }
            ],
            "cluster": "bordspel-platform-team8",
            "id": "projects/ip2-devops4-480317/locations/europe-west1-b/clusters/bordspel-platform-team8/nodePools/bordspel-platform-team8-node-pool",
            "initial_node_count": 1,
            "instance_group_urls": [
              "https://www.googleapis.com/compute/v1/projects/ip2-devops4-480317/zones/europe-west1-b/instanceGroupManagers/gke-bordspel-platfor-bordspel-platfor-ff8ec100-grp"
            ],
            "location": "europe-west1-b",
            "managed_instance_group_urls": [
              "https://www.googleapis.com/compute/v1/projects/ip2-devops4-480317/zones/europe-west1-b/instanceGroups/gke-bordspel-platfor-bordspel-platfor-ff8ec100-grp"
            ],
            "management": [
              {
                "auto_repair": true,
                "auto_upgrade": true
              }
            ],
            "max_pods_per_node": 110,
            "name": "bordspel-platform-team8-node-pool",
            "name_prefix": "",
            "network_config": [
              {
                "additional_node_network_configs": [],
                "additional_pod_network_configs": [],
                "create_pod_range": false,
                "enable_private_nodes": false,
                "network_performance_config": [],
                "pod_cidr_overprovision_config": [],
                "pod_ipv4_cidr_block": "10.248.0.0/14",
                "pod_range": "gke-bordspel-platform-team8-pods-41ab1ec8"
              }
            ],
            "node_config": [
              {
                "advanced_machine_features": [],
                "boot_disk_kms_key": "",
                "confidential_nodes": [],
                "containerd_config": [],
                "disk_size_gb": 50,
                "disk_type": "pd-standard",
                "effective_taints": [],
                "enable_confidential_storage": false,
                "ephemeral_storage_local_ssd_config": [],
                "fast_socket": [],
                "gcfs_config": [],
                "guest_accelerator": [],
                "gvnic": [],
                "host_maintenance_policy": [],
                "image_type": "COS_CONTAINERD",
                "kubelet_config": [
                  {
                    "cpu_cfs_quota": false,
                    "cpu_cfs_quota_period": "",
                    "cpu_manager_policy": "",
                    "insecure_kubelet_readonly_port_enabled": "FALSE",
                    "pod_pids_limit": 0
                  }
                ],
                "labels": {
                  "team": "team8"
                },
                "linux_node_config": [],
                "local_nvme_ssd_block_config": [],
                "local_ssd_count": 0,
                "logging_variant": "DEFAULT",
                "machine_type": "e2-standard-2",
                "metadata": {
                  "disable-legacy-endpoints": "true"
                },
                "min_cpu_platform": "",
                "node_group": "",
                "oauth_scopes": [
                  "https://www.googleapis.com/auth/cloud-platform"
                ],
                "preemptible": false,
                "reservation_affinity": [],
                "resource_labels": {
                  "goog-gke-node-pool-provisioning-model": "on-demand"
                },
                "resource_manager_tags": null,
                "secondary_boot_disks": [],
                "service_account": "default",
                "shielded_instance_config": [
                  {
                    "enable_integrity_monitoring": true,
                    "enable_secure_boot": false
                  }
                ],
                "sole_tenant_config": [],
                "spot": false,
                "tags": [
                  "gke-node",
                  "team8"
                ],
                "taint": [],
                "workload_metadata_config": [
                  {
                    "mode": "GKE_METADATA"
                  }
                ]
              }
            ],
            "node_count": 1,
            "node_locations": [
              "europe-west1-b"
            ],
            "operation": null,
            "placement_policy": [],
            "project": "ip2-devops4-480317",
            "queued_provisioning": [],
            "timeouts": null,
            "upgrade_settings": [
              {
                "blue_green_settings": [],
                "max_surge": 1,
                "max_unavailable": 0,
                "strategy": "SURGE"
              }
            ],
            "version": "1.33.5-gke.1308000"
          },
          "sensitive_attributes": [],
          "private": "eyJlMmJmYjczMC1lY2FhLTExZTYtOGY4OC0zNDM2M2JjN2M0YzAiOnsiY3JlYXRlIjoxODAwMDAwMDAwMDAwLCJkZWxldGUiOjE4MDAwMDAwMDAwMDAsInVwZGF0ZSI6MTgwMDAwMDAwMDAwMH0sInNjaGVtYV92ZXJzaW9uIjoiMSJ9",
          "dependencies": [
            "google_compute_network.vpc",
            "google_compute_subnetwork.subnet",
            "google_container_cluster.primary"
          ]
        }
      ]
    },
    {
      "mode": "managed",
      "type": "google_storage_bucket",
      "name": "team8_game_bucket",
      "provider": "provider[\"registry.opentofu.org/hashicorp/google\"]",
      "instances": [
        {
          "schema_version": 2,
          "attributes": {
            "autoclass": [],
            "cors": [],
            "custom_placement_config": [],
            "default_event_based_hold": false,
            "effective_labels": {},
            "enable_object_retention": false,
            "encryption": [],
            "force_destroy": true,
            "id": "dampf-app-team8-game-bucket",
            "labels": {},
            "lifecycle_rule": [
              {
                "action": [
                  {
                    "storage_class": "",
                    "type": "Delete"
                  }
                ],
                "condition": [
                  {
                    "age": 30,
                    "created_before": "",
                    "custom_time_before": "",
                    "days_since_custom_time": 0,
                    "days_since_noncurrent_time": 0,
                    "matches_prefix": [],
                    "matches_storage_class": [],
                    "matches_suffix": [],
                    "no_age": false,
                    "noncurrent_time_before": "",
                    "num_newer_versions": 0,
                    "send_age_if_zero": true,
                    "send_days_since_custom_time_if_zero": false,
                    "send_days_since_noncurrent_time_if_zero": false,
                    "send_num_newer_versions_if_zero": false,
                    "with_state": "ANY"
                  }
                ]
              }
            ],
            "location": "EUROPE-WEST1",
            "logging": [],
            "name": "dampf-app-team8-game-bucket",
            "project": "ip2-devops4-480317",
            "project_number": 501298500362,
            "public_access_prevention": "inherited",
            "requester_pays": false,
            "retention_policy": [],
            "rpo": null,
            "self_link": "https://www.googleapis.com/storage/v1/b/dampf-app-team8-game-bucket",
            "soft_delete_policy": [
              {
                "effective_time": "2025-12-26T22:59:09.975Z",
                "retention_duration_seconds": 604800
              }
            ],
            "storage_class": "STANDARD",
            "terraform_labels": {},
            "timeouts": null,
            "uniform_bucket_level_access": true,
            "url": "gs://dampf-app-team8-game-bucket",
            "versioning": [
              {
                "enabled": false
              }
            ],
            "website": []
          },
          "sensitive_attributes": [],
          "private": "eyJlMmJmYjczMC1lY2FhLTExZTYtOGY4OC0zNDM2M2JjN2M0YzAiOnsiY3JlYXRlIjo2MDAwMDAwMDAwMDAsInJlYWQiOjI0MDAwMDAwMDAwMCwidXBkYXRlIjoyNDAwMDAwMDAwMDB9LCJzY2hlbWFfdmVyc2lvbiI6IjIifQ=="
        }
      ]
    }
  ],
  "check_results": null
}
