{
  "version": 4,
  "terraform_version": "1.6.0",
  "serial": 24,
  "lineage": "f2e7a8ff-ee32-c871-1d56-e7d60b5f042b",
  "outputs": {
    "cluster_ca_certificate": {
      "value": "LS0tLS1CRUdJTiBDRVJUSUZJQ0FURS0tLS0tCk1JSUVMVENDQXBXZ0F3SUJBZ0lSQU5vaHpoV1lsSlNIS0NwUG1ubW1sL3N3RFFZSktvWklodmNOQVFFTEJRQXcKTHpFdE1Dc0dBMVVFQXhNa1ptVTFOelppWTJNdFpHWXpNaTAwTnpoaUxXSmtZamd0Wm1Jek5qWTVZV1ZqTkdObQpNQ0FYRFRJMk1ERXdNakUwTWpZek1sb1lEekl3TlRVeE1qSTJNVFV5TmpNeVdqQXZNUzB3S3dZRFZRUURFeVJtClpUVTNObUpqWXkxa1pqTXlMVFEzT0dJdFltUmlPQzFtWWpNMk5qbGhaV00wWTJZd2dnR2lNQTBHQ1NxR1NJYjMKRFFFQkFRVUFBNElCandBd2dnR0tBb0lCZ1FDYXJBdTJmSEtMT21qOHFvSEtjcHltZXkwYmFJSWRLNFRQdzkwQwptZnFNdFVlMm1DRlEvNkFkdFlwYXM5cmNhaGFGdkJwKzZxNjJBQjhrb3VmUjQ2NnVPeTc5YUJEWnFqS1BCNit0ClUrTDdpRXlUZVJHSHd6Q1RFVmRqQmV6L3VITk00K05RZmNvUE94aDBySVRaMWcyMHZrSmNiQlMzR2E3eU16RXUKb1BtVGJZdXpPUk1EeTltYmhFOUdMbGpHenpSa1lmRVhvS0N5c0lhMnRBekN5UmkrbkxIOHc4Nm51SHZ4ck9qKwppVW9mdkYzNzRXRlFwWDBkRVZEaFhRWDNWeFJNTnNhYXQyWGpBNUpjcjJnc3U0UWx1VytWVkhJbjZlU3BhWnp0CjBxOXNWaWNlNCt0a1pPRmx1Tyt5T1pyMXZjZzZKS1d0anBZUXNQM0Vqc0ROMXY0ZzRQY29pb1VMcnZ1VDM3U2MKR2ZsUE1vZzlVamE5QnFIWUEvdjIrdWRqQS9wV2NWcVlCRUNrU3BMbHl2S21vNEFNUHhiUlk1bWQ0OFl6VzZ5MwpjajF3MVRaejNqNTVrMkNUVUpPZnJYVERqZDhtR0I3bXR4SitwNUR6RGZ0bi94UmNJb3dLbzBWZ1FqNWp5MGplCkNLZlFYNkM5aktPdkpncWpndjNqYTEvSjFwc0NBd0VBQWFOQ01FQXdEZ1lEVlIwUEFRSC9CQVFEQWdJRU1BOEcKQTFVZEV3RUIvd1FGTUFNQkFmOHdIUVlEVlIwT0JCWUVGRWgzbjN2RCtXOENwUEdJQ0QxVGFHc21RZzVCTUEwRwpDU3FHU0liM0RRRUJDd1VBQTRJQmdRQStRblhjbmFnVGxSRTN3ZjhpMFpaamxkTzlwelhOS09oM0paQ0pQU3VxCjZMVEFFc1A0Vmx5ZXcyOHJVeUhrTzBFRjBpS2xSK1doNjdmSFoxa0hOOThpT2VqWUZxamZOTjhrcG9FQU5vSDYKUGkxL2g4eS9tMXc0R3BkZTkxQlFBdS9QQW5KN0JUaHA1YkwzeUlQMkUySXY5KzMyeFg0QU9CWGl2UGNJTUpRcgovTlMxQ3VXVXNPMlFNY015a2puN0tSUDVXcjhQaDlVQkpsTHRDaEJuQXFKVG4veGp5WnBqOGozVWtQZS9mZGtNCnFCRFZjbW5XOWp2VGVvRFh5M3puVW1oUWNMQXNDckk0bkdzcjJJKzJ2dVlsLy9xSUYydUxrWkgwSzVwallCa2MKSDFHMkViYU9PTW9PWklFVlhsanZhSEdST2NjbzJ0aC9ZdGE4QUw5UnBDcThkV0ZVaHVEb1UyTFEyZTd2SXJkNgpNNXQydy9TZnBBa2NlazZCamNpQXJnTG1xbktZSzVzTzhocjdhVVI5dXZWRmt2bzgraFBtWTFKTWdsV0RnSkppCm9EQ1pMMisvQURCZzJoTHF3RXZPZzN0Ylo5RytuTVdQbWdqdTUrTFVPZUZMdTRLcnRjbTZzTjkrK2VmWGF4UUMKZ3ZyRFJoU282ZWRNTEI5dWpCY2hNcjg9Ci0tLS0tRU5EIENFUlRJRklDQVRFLS0tLS0K",
      "type": "string",
      "sensitive": true
    },
    "ingress_ip": {
      "value": "35.195.156.232",
      "type": "string"
    },
    "kubernetes_cluster_endpoint": {
      "value": "35.233.79.185",
      "type": "string",
      "sensitive": true
    },
    "kubernetes_cluster_name": {
      "value": "ai-platform-team4",
      "type": "string",
      "sensitive": true
    },
    "project_id": {
      "value": "ip2-devops4-480317",
      "type": "string"
    },
    "region": {
      "value": "europe-west1",
      "type": "string"
    }
  },
  "resources": [
    {
      "mode": "data",
      "type": "google_client_config",
      "name": "default",
      "provider": "provider[\"registry.opentofu.org/hashicorp/google\"]",
      "instances": [
        {
          "schema_version": 0,
          "attributes": {
            "access_token": "ya29.c.c0AYnqXlguli-jMg-TRPyk8NDfZcwrLx-8_ZFbUK2b7lYylP94LHaG5BXhb-_DHadp6-Gl62k2vfWIOTHv-te4mEY95WA8sXZyUrFVrRKWyLg9cK9kpCaYQghljuG6kyMJXB7yzu5up56OKNUExaKFyHDzWAPv8igi0SM9jnNbCbyN-f01shxO7S1CG0OP6RT-KHfB9sprQK1NTXnldueiRgF_FR8ZZpx-v8Ar-tZOtCXzEySmVXaVJDJYd4Usmd8FZ7mkxlyo-cRUvOVisRYZthxlxWLOYY9314dRjCtCP-qA4iHoboH3RQmXHNApvd1JYCx7rj7dyVAlmzronHnzvHhaim_VLCFTBJUMfEed_j2QDvQNCUXjv6szr_UT388Ktw6V0B4UQfJJUga-ahl38e27vW45Ymhwfuu1s2wB7uZM6izI6r_9c1Z7l8xr4JOekyRognjwVk59RlrSmB4y430qXVhF8dXiWIdcghvvcc-h7pr2r7xsxhUecwjM67bxJedte7gauVyIdjeWeV14dYh8rzQi2R2JuInuB9a37118ozn63xSsIy-MkjvmRSFyMFyZ-klZt2fZxZVJhereQ17zZSFicucOaVkW_gxR-7_hUzM6sQIFc-bSh7kO3SiWwWxVMd2m_ZJJuaa5p61VxdXy1Rhv2xyVjfty2d7pqsVWBItm8ypSBm1lfsswvY2VdpQWsjmrIsld8pR33SB07mnzc_ZrIX07y7sIwdXQ0n8i4g2eJarozXBlnvifIfUZRdz9jIzhzSq2f0Y_mF4eV-1sYSh37qWsr0h9kIXRlsZFirQlfselZ8_jwOaQQxIjYeRcmu4eYqsFym2tdpkSnRou3vbxI8YV1OJayfzylt-d8Vxz5q-v5_oqSFv8WF1OYjZ7s1Mefn1wu05_coZcqQrlBedpV17nJWhd7ZOOuOx-Y7qcFihd1wzvxxruqvefUb77tcaFi7q2kuWxOhmlRWWpgi-0ze3XvQ7jZbmq8rlX0ofsxjyl3zw",
            "default_labels": null,
            "id": "projects/\"ip2-devops4-480317\"/regions/\"europe-west1\"/zones/\u003cnull\u003e",
            "project": "ip2-devops4-480317",
            "region": "europe-west1",
            "zone": null
          },
          "sensitive_attributes": []
        }
      ]
    },
    {
      "mode": "managed",
      "type": "google_compute_address",
      "name": "ingress",
      "provider": "provider[\"registry.opentofu.org/hashicorp/google\"]",
      "instances": [
        {
          "schema_version": 0,
          "attributes": {
            "address": "35.195.156.232",
            "address_type": "EXTERNAL",
            "creation_timestamp": "2026-01-02T07:22:56.934-08:00",
            "description": "",
            "effective_labels": {},
            "id": "projects/ip2-devops4-480317/regions/europe-west1/addresses/ai-platform-ingress-ip-team4",
            "ip_version": "",
            "ipv6_endpoint_type": "",
            "label_fingerprint": "42WmSpB8rSM=",
            "labels": {},
            "name": "ai-platform-ingress-ip-team4",
            "network": "",
            "network_tier": "PREMIUM",
            "prefix_length": 0,
            "project": "ip2-devops4-480317",
            "purpose": "",
            "region": "europe-west1",
            "self_link": "https://www.googleapis.com/compute/v1/projects/ip2-devops4-480317/regions/europe-west1/addresses/ai-platform-ingress-ip-team4",
            "subnetwork": "",
            "terraform_labels": {},
            "timeouts": null,
            "users": []
          },
          "sensitive_attributes": [],
          "private": "eyJlMmJmYjczMC1lY2FhLTExZTYtOGY4OC0zNDM2M2JjN2M0YzAiOnsiY3JlYXRlIjoxMjAwMDAwMDAwMDAwLCJkZWxldGUiOjEyMDAwMDAwMDAwMDAsInVwZGF0ZSI6MTIwMDAwMDAwMDAwMH19"
        }
      ]
    },
    {
      "mode": "managed",
      "type": "google_compute_firewall",
      "name": "allow_http_https",
      "provider": "provider[\"registry.opentofu.org/hashicorp/google\"]",
      "instances": [
        {
          "schema_version": 1,
          "attributes": {
            "allow": [
              {
                "ports": [
                  "80",
                  "443",
                  "8000",
                  "8080",
                  "11434"
                ],
                "protocol": "tcp"
              }
            ],
            "creation_timestamp": "2026-01-02T07:23:08.613-08:00",
            "deny": [],
            "description": "",
            "destination_ranges": [],
            "direction": "INGRESS",
            "disabled": false,
            "enable_logging": null,
            "id": "projects/ip2-devops4-480317/global/firewalls/allow-http-https-team4",
            "log_config": [],
            "name": "allow-http-https-team4",
            "network": "https://www.googleapis.com/compute/v1/projects/ip2-devops4-480317/global/networks/ai-network-team4",
            "priority": 1000,
            "project": "ip2-devops4-480317",
            "self_link": "https://www.googleapis.com/compute/v1/projects/ip2-devops4-480317/global/firewalls/allow-http-https-team4",
            "source_ranges": [
              "0.0.0.0/0"
            ],
            "source_service_accounts": [],
            "source_tags": [],
            "target_service_accounts": [],
            "target_tags": [],
            "timeouts": null
          },
          "sensitive_attributes": [],
          "private": "eyJlMmJmYjczMC1lY2FhLTExZTYtOGY4OC0zNDM2M2JjN2M0YzAiOnsiY3JlYXRlIjoxMjAwMDAwMDAwMDAwLCJkZWxldGUiOjEyMDAwMDAwMDAwMDAsInVwZGF0ZSI6MTIwMDAwMDAwMDAwMH0sInNjaGVtYV92ZXJzaW9uIjoiMSJ9",
          "dependencies": [
            "google_compute_network.vpc"
          ]
        }
      ]
    },
    {
      "mode": "managed",
      "type": "google_compute_firewall",
      "name": "allow_internal",
      "provider": "provider[\"registry.opentofu.org/hashicorp/google\"]",
      "instances": [
        {
          "schema_version": 1,
          "attributes": {
            "allow": [
              {
                "ports": [
                  "0-65535"
                ],
                "protocol": "tcp"
              },
              {
                "ports": [
                  "0-65535"
                ],
                "protocol": "udp"
              }
            ],
            "creation_timestamp": "2026-01-02T07:23:08.820-08:00",
            "deny": [],
            "description": "",
            "destination_ranges": [],
            "direction": "INGRESS",
            "disabled": false,
            "enable_logging": null,
            "id": "projects/ip2-devops4-480317/global/firewalls/allow-internal-team4",
            "log_config": [],
            "name": "allow-internal-team4",
            "network": "https://www.googleapis.com/compute/v1/projects/ip2-devops4-480317/global/networks/ai-network-team4",
            "priority": 1000,
            "project": "ip2-devops4-480317",
            "self_link": "https://www.googleapis.com/compute/v1/projects/ip2-devops4-480317/global/firewalls/allow-internal-team4",
            "source_ranges": [
              "10.1.0.0/20"
            ],
            "source_service_accounts": [],
            "source_tags": [],
            "target_service_accounts": [],
            "target_tags": [],
            "timeouts": null
          },
          "sensitive_attributes": [],
          "private": "eyJlMmJmYjczMC1lY2FhLTExZTYtOGY4OC0zNDM2M2JjN2M0YzAiOnsiY3JlYXRlIjoxMjAwMDAwMDAwMDAwLCJkZWxldGUiOjEyMDAwMDAwMDAwMDAsInVwZGF0ZSI6MTIwMDAwMDAwMDAwMH0sInNjaGVtYV92ZXJzaW9uIjoiMSJ9",
          "dependencies": [
            "google_compute_network.vpc"
          ]
        }
      ]
    },
    {
      "mode": "managed",
      "type": "google_compute_firewall",
      "name": "allow_ssh",
      "provider": "provider[\"registry.opentofu.org/hashicorp/google\"]",
      "instances": [
        {
          "schema_version": 1,
          "attributes": {
            "allow": [
              {
                "ports": [
                  "22"
                ],
                "protocol": "tcp"
              }
            ],
            "creation_timestamp": "2026-01-02T07:23:08.731-08:00",
            "deny": [],
            "description": "",
            "destination_ranges": [],
            "direction": "INGRESS",
            "disabled": false,
            "enable_logging": null,
            "id": "projects/ip2-devops4-480317/global/firewalls/allow-ssh-team4",
            "log_config": [],
            "name": "allow-ssh-team4",
            "network": "https://www.googleapis.com/compute/v1/projects/ip2-devops4-480317/global/networks/ai-network-team4",
            "priority": 1000,
            "project": "ip2-devops4-480317",
            "self_link": "https://www.googleapis.com/compute/v1/projects/ip2-devops4-480317/global/firewalls/allow-ssh-team4",
            "source_ranges": [
              "0.0.0.0/0"
            ],
            "source_service_accounts": [],
            "source_tags": [],
            "target_service_accounts": [],
            "target_tags": [],
            "timeouts": null
          },
          "sensitive_attributes": [],
          "private": "eyJlMmJmYjczMC1lY2FhLTExZTYtOGY4OC0zNDM2M2JjN2M0YzAiOnsiY3JlYXRlIjoxMjAwMDAwMDAwMDAwLCJkZWxldGUiOjEyMDAwMDAwMDAwMDAsInVwZGF0ZSI6MTIwMDAwMDAwMDAwMH0sInNjaGVtYV92ZXJzaW9uIjoiMSJ9",
          "dependencies": [
            "google_compute_network.vpc"
          ]
        }
      ]
    },
    {
      "mode": "managed",
      "type": "google_compute_network",
      "name": "vpc",
      "provider": "provider[\"registry.opentofu.org/hashicorp/google\"]",
      "instances": [
        {
          "schema_version": 0,
          "attributes": {
            "auto_create_subnetworks": false,
            "delete_default_routes_on_create": false,
            "description": "",
            "enable_ula_internal_ipv6": false,
            "gateway_ipv4": "",
            "id": "projects/ip2-devops4-480317/global/networks/ai-network-team4",
            "internal_ipv6_range": "",
            "mtu": 0,
            "name": "ai-network-team4",
            "network_firewall_policy_enforcement_order": "AFTER_CLASSIC_FIREWALL",
            "numeric_id": "3915864881059486783",
            "project": "ip2-devops4-480317",
            "routing_mode": "REGIONAL",
            "self_link": "https://www.googleapis.com/compute/v1/projects/ip2-devops4-480317/global/networks/ai-network-team4",
            "timeouts": null
          },
          "sensitive_attributes": [],
          "private": "eyJlMmJmYjczMC1lY2FhLTExZTYtOGY4OC0zNDM2M2JjN2M0YzAiOnsiY3JlYXRlIjoxMjAwMDAwMDAwMDAwLCJkZWxldGUiOjEyMDAwMDAwMDAwMDAsInVwZGF0ZSI6MTIwMDAwMDAwMDAwMH19"
        }
      ]
    },
    {
      "mode": "managed",
      "type": "google_compute_subnetwork",
      "name": "subnet",
      "provider": "provider[\"registry.opentofu.org/hashicorp/google\"]",
      "instances": [
        {
          "schema_version": 0,
          "attributes": {
            "creation_timestamp": "2026-01-02T07:23:08.867-08:00",
            "description": "",
            "external_ipv6_prefix": "",
            "fingerprint": null,
            "gateway_address": "10.1.0.1",
            "id": "projects/ip2-devops4-480317/regions/europe-west1/subnetworks/ai-subnet-team4",
            "internal_ipv6_prefix": "",
            "ip_cidr_range": "10.1.0.0/20",
            "ipv6_access_type": "",
            "ipv6_cidr_range": "",
            "log_config": [],
            "name": "ai-subnet-team4",
            "network": "https://www.googleapis.com/compute/v1/projects/ip2-devops4-480317/global/networks/ai-network-team4",
            "private_ip_google_access": false,
            "private_ipv6_google_access": "DISABLE_GOOGLE_ACCESS",
            "project": "ip2-devops4-480317",
            "purpose": "PRIVATE",
            "region": "europe-west1",
            "role": "",
            "secondary_ip_range": [],
            "self_link": "https://www.googleapis.com/compute/v1/projects/ip2-devops4-480317/regions/europe-west1/subnetworks/ai-subnet-team4",
            "send_secondary_ip_range_if_empty": null,
            "stack_type": "IPV4_ONLY",
            "timeouts": null
          },
          "sensitive_attributes": [],
          "private": "eyJlMmJmYjczMC1lY2FhLTExZTYtOGY4OC0zNDM2M2JjN2M0YzAiOnsiY3JlYXRlIjoxMjAwMDAwMDAwMDAwLCJkZWxldGUiOjEyMDAwMDAwMDAwMDAsInVwZGF0ZSI6MTIwMDAwMDAwMDAwMH0sInNjaGVtYV92ZXJzaW9uIjoiMCJ9",
          "dependencies": [
            "google_compute_network.vpc"
          ]
        }
      ]
    },
    {
      "mode": "managed",
      "type": "google_container_cluster",
      "name": "primary",
      "provider": "provider[\"registry.opentofu.org/hashicorp/google\"]",
      "instances": [
        {
          "schema_version": 2,
          "attributes": {
            "addons_config": [
              {
                "cloudrun_config": [],
                "config_connector_config": [],
                "dns_cache_config": [],
                "gce_persistent_disk_csi_driver_config": [
                  {
                    "enabled": true
                  }
                ],
                "gcp_filestore_csi_driver_config": [],
                "gcs_fuse_csi_driver_config": [],
                "gke_backup_agent_config": [],
                "horizontal_pod_autoscaling": [
                  {
                    "disabled": false
                  }
                ],
                "http_load_balancing": [
                  {
                    "disabled": false
                  }
                ],
                "network_policy_config": [
                  {
                    "disabled": true
                  }
                ],
                "ray_operator_config": [],
                "stateful_ha_config": []
              }
            ],
            "allow_net_admin": null,
            "authenticator_groups_config": [],
            "binary_authorization": [
              {
                "enabled": false,
                "evaluation_mode": ""
              }
            ],
            "cluster_autoscaling": [
              {
                "auto_provisioning_defaults": [],
                "auto_provisioning_locations": [],
                "autoscaling_profile": "BALANCED",
                "enabled": false,
                "resource_limits": []
              }
            ],
            "cluster_ipv4_cidr": "10.196.0.0/14",
            "confidential_nodes": [],
            "cost_management_config": [],
            "database_encryption": [
              {
                "key_name": "",
                "state": "DECRYPTED"
              }
            ],
            "datapath_provider": "",
            "default_max_pods_per_node": 110,
            "default_snat_status": [
              {
                "disabled": false
              }
            ],
            "deletion_protection": false,
            "description": "",
            "dns_config": [],
            "enable_autopilot": false,
            "enable_cilium_clusterwide_network_policy": false,
            "enable_intranode_visibility": false,
            "enable_k8s_beta_apis": [],
            "enable_kubernetes_alpha": false,
            "enable_l4_ilb_subsetting": false,
            "enable_legacy_abac": false,
            "enable_multi_networking": false,
            "enable_shielded_nodes": true,
            "enable_tpu": false,
            "endpoint": "35.233.79.185",
            "fleet": [],
            "gateway_api_config": [],
            "id": "projects/ip2-devops4-480317/locations/europe-west1-b/clusters/ai-platform-team4",
            "identity_service_config": [],
            "initial_node_count": 1,
            "ip_allocation_policy": [
              {
                "additional_pod_ranges_config": [],
                "cluster_ipv4_cidr_block": "10.196.0.0/14",
                "cluster_secondary_range_name": "gke-ai-platform-team4-pods-8b756b57",
                "pod_cidr_overprovision_config": [
                  {
                    "disabled": false
                  }
                ],
                "services_ipv4_cidr_block": "34.118.224.0/20",
                "services_secondary_range_name": "",
                "stack_type": "IPV4"
              }
            ],
            "label_fingerprint": "a9dc16a7",
            "location": "europe-west1-b",
            "logging_config": [
              {
                "enable_components": [
                  "SYSTEM_COMPONENTS",
                  "WORKLOADS"
                ]
              }
            ],
            "logging_service": "logging.googleapis.com/kubernetes",
            "maintenance_policy": [
              {
                "daily_maintenance_window": [
                  {
                    "duration": "PT4H0M0S",
                    "start_time": "03:00"
                  }
                ],
                "maintenance_exclusion": [],
                "recurring_window": []
              }
            ],
            "master_auth": [
              {
                "client_certificate": "",
                "client_certificate_config": [
                  {
                    "issue_client_certificate": false
                  }
                ],
                "client_key": "",
                "cluster_ca_certificate": "LS0tLS1CRUdJTiBDRVJUSUZJQ0FURS0tLS0tCk1JSUVMVENDQXBXZ0F3SUJBZ0lSQU5vaHpoV1lsSlNIS0NwUG1ubW1sL3N3RFFZSktvWklodmNOQVFFTEJRQXcKTHpFdE1Dc0dBMVVFQXhNa1ptVTFOelppWTJNdFpHWXpNaTAwTnpoaUxXSmtZamd0Wm1Jek5qWTVZV1ZqTkdObQpNQ0FYRFRJMk1ERXdNakUwTWpZek1sb1lEekl3TlRVeE1qSTJNVFV5TmpNeVdqQXZNUzB3S3dZRFZRUURFeVJtClpUVTNObUpqWXkxa1pqTXlMVFEzT0dJdFltUmlPQzFtWWpNMk5qbGhaV00wWTJZd2dnR2lNQTBHQ1NxR1NJYjMKRFFFQkFRVUFBNElCandBd2dnR0tBb0lCZ1FDYXJBdTJmSEtMT21qOHFvSEtjcHltZXkwYmFJSWRLNFRQdzkwQwptZnFNdFVlMm1DRlEvNkFkdFlwYXM5cmNhaGFGdkJwKzZxNjJBQjhrb3VmUjQ2NnVPeTc5YUJEWnFqS1BCNit0ClUrTDdpRXlUZVJHSHd6Q1RFVmRqQmV6L3VITk00K05RZmNvUE94aDBySVRaMWcyMHZrSmNiQlMzR2E3eU16RXUKb1BtVGJZdXpPUk1EeTltYmhFOUdMbGpHenpSa1lmRVhvS0N5c0lhMnRBekN5UmkrbkxIOHc4Nm51SHZ4ck9qKwppVW9mdkYzNzRXRlFwWDBkRVZEaFhRWDNWeFJNTnNhYXQyWGpBNUpjcjJnc3U0UWx1VytWVkhJbjZlU3BhWnp0CjBxOXNWaWNlNCt0a1pPRmx1Tyt5T1pyMXZjZzZKS1d0anBZUXNQM0Vqc0ROMXY0ZzRQY29pb1VMcnZ1VDM3U2MKR2ZsUE1vZzlVamE5QnFIWUEvdjIrdWRqQS9wV2NWcVlCRUNrU3BMbHl2S21vNEFNUHhiUlk1bWQ0OFl6VzZ5MwpjajF3MVRaejNqNTVrMkNUVUpPZnJYVERqZDhtR0I3bXR4SitwNUR6RGZ0bi94UmNJb3dLbzBWZ1FqNWp5MGplCkNLZlFYNkM5aktPdkpncWpndjNqYTEvSjFwc0NBd0VBQWFOQ01FQXdEZ1lEVlIwUEFRSC9CQVFEQWdJRU1BOEcKQTFVZEV3RUIvd1FGTUFNQkFmOHdIUVlEVlIwT0JCWUVGRWgzbjN2RCtXOENwUEdJQ0QxVGFHc21RZzVCTUEwRwpDU3FHU0liM0RRRUJDd1VBQTRJQmdRQStRblhjbmFnVGxSRTN3ZjhpMFpaamxkTzlwelhOS09oM0paQ0pQU3VxCjZMVEFFc1A0Vmx5ZXcyOHJVeUhrTzBFRjBpS2xSK1doNjdmSFoxa0hOOThpT2VqWUZxamZOTjhrcG9FQU5vSDYKUGkxL2g4eS9tMXc0R3BkZTkxQlFBdS9QQW5KN0JUaHA1YkwzeUlQMkUySXY5KzMyeFg0QU9CWGl2UGNJTUpRcgovTlMxQ3VXVXNPMlFNY015a2puN0tSUDVXcjhQaDlVQkpsTHRDaEJuQXFKVG4veGp5WnBqOGozVWtQZS9mZGtNCnFCRFZjbW5XOWp2VGVvRFh5M3puVW1oUWNMQXNDckk0bkdzcjJJKzJ2dVlsLy9xSUYydUxrWkgwSzVwallCa2MKSDFHMkViYU9PTW9PWklFVlhsanZhSEdST2NjbzJ0aC9ZdGE4QUw5UnBDcThkV0ZVaHVEb1UyTFEyZTd2SXJkNgpNNXQydy9TZnBBa2NlazZCamNpQXJnTG1xbktZSzVzTzhocjdhVVI5dXZWRmt2bzgraFBtWTFKTWdsV0RnSkppCm9EQ1pMMisvQURCZzJoTHF3RXZPZzN0Ylo5RytuTVdQbWdqdTUrTFVPZUZMdTRLcnRjbTZzTjkrK2VmWGF4UUMKZ3ZyRFJoU282ZWRNTEI5dWpCY2hNcjg9Ci0tLS0tRU5EIENFUlRJRklDQVRFLS0tLS0K"
              }
            ],
            "master_authorized_networks_config": [],
            "master_version": "1.33.5-gke.1308000",
            "mesh_certificates": [],
            "min_master_version": null,
            "monitoring_config": [
              {
                "advanced_datapath_observability_config": [
                  {
                    "enable_metrics": false,
                    "enable_relay": false,
                    "relay_mode": "DISABLED"
                  }
                ],
                "enable_components": [
                  "SYSTEM_COMPONENTS",
                  "STATEFULSET",
                  "JOBSET",
                  "STORAGE",
                  "HPA",
                  "POD",
                  "DAEMONSET",
                  "DEPLOYMENT",
                  "KUBELET",
                  "CADVISOR",
                  "DCGM"
                ],
                "managed_prometheus": [
                  {
                    "enabled": true
                  }
                ]
              }
            ],
            "monitoring_service": "monitoring.googleapis.com/kubernetes",
            "name": "ai-platform-team4",
            "network": "projects/ip2-devops4-480317/global/networks/ai-network-team4",
            "network_policy": [
              {
                "enabled": false,
                "provider": "PROVIDER_UNSPECIFIED"
              }
            ],
            "networking_mode": "VPC_NATIVE",
            "node_config": [],
            "node_locations": [],
            "node_pool": [],
            "node_pool_auto_config": [
              {
                "network_tags": [],
                "node_kubelet_config": [
                  {
                    "insecure_kubelet_readonly_port_enabled": "FALSE"
                  }
                ],
                "resource_manager_tags": {}
              }
            ],
            "node_pool_defaults": [
              {
                "node_config_defaults": [
                  {
                    "containerd_config": [],
                    "insecure_kubelet_readonly_port_enabled": "FALSE",
                    "logging_variant": "DEFAULT"
                  }
                ]
              }
            ],
            "node_version": "1.33.5-gke.1308000",
            "notification_config": [
              {
                "pubsub": [
                  {
                    "enabled": false,
                    "filter": [],
                    "topic": ""
                  }
                ]
              }
            ],
            "operation": null,
            "private_cluster_config": [
              {
                "enable_private_endpoint": false,
                "enable_private_nodes": false,
                "master_global_access_config": [
                  {
                    "enabled": false
                  }
                ],
                "master_ipv4_cidr_block": "",
                "peering_name": "",
                "private_endpoint": "10.1.0.2",
                "private_endpoint_subnetwork": "",
                "public_endpoint": "35.233.79.185"
              }
            ],
            "private_ipv6_google_access": "",
            "project": "ip2-devops4-480317",
            "release_channel": [
              {
                "channel": "REGULAR"
              }
            ],
            "remove_default_node_pool": true,
            "resource_labels": null,
            "resource_usage_export_config": [],
            "security_posture_config": [
              {
                "mode": "BASIC",
                "vulnerability_mode": "VULNERABILITY_MODE_UNSPECIFIED"
              }
            ],
            "self_link": "https://container.googleapis.com/v1/projects/ip2-devops4-480317/zones/europe-west1-b/clusters/ai-platform-team4",
            "service_external_ips_config": [
              {
                "enabled": false
              }
            ],
            "services_ipv4_cidr": "34.118.224.0/20",
            "subnetwork": "projects/ip2-devops4-480317/regions/europe-west1/subnetworks/ai-subnet-team4",
            "timeouts": null,
            "tpu_ipv4_cidr_block": "",
            "vertical_pod_autoscaling": [],
            "workload_identity_config": [
              {
                "workload_pool": "ip2-devops4-480317.svc.id.goog"
              }
            ]
          },
          "sensitive_attributes": [],
          "private": "eyJlMmJmYjczMC1lY2FhLTExZTYtOGY4OC0zNDM2M2JjN2M0YzAiOnsiY3JlYXRlIjoyNDAwMDAwMDAwMDAwLCJkZWxldGUiOjI0MDAwMDAwMDAwMDAsInJlYWQiOjI0MDAwMDAwMDAwMDAsInVwZGF0ZSI6MzYwMDAwMDAwMDAwMH0sInNjaGVtYV92ZXJzaW9uIjoiMiJ9",
          "dependencies": [
            "google_compute_network.vpc",
            "google_compute_subnetwork.subnet"
          ]
        }
      ]
    },
    {
      "mode": "managed",
      "type": "google_container_node_pool",
      "name": "primary_nodes",
      "provider": "provider[\"registry.opentofu.org/hashicorp/google\"]",
      "instances": [
        {
          "schema_version": 1,
          "attributes": {
            "autoscaling": [
              {
                "location_policy": "BALANCED",
                "max_node_count": 3,
                "min_node_count": 1,
                "total_max_node_count": 0,
                "total_min_node_count": 0
              }
            ],
            "cluster": "ai-platform-team4",
            "id": "projects/ip2-devops4-480317/locations/europe-west1-b/clusters/ai-platform-team4/nodePools/ai-platform-team4-node-pool",
            "initial_node_count": 1,
            "instance_group_urls": [
              "https://www.googleapis.com/compute/v1/projects/ip2-devops4-480317/zones/europe-west1-b/instanceGroupManagers/gke-ai-platform-team-ai-platform-team-e73fdbb8-grp"
            ],
            "location": "europe-west1-b",
            "managed_instance_group_urls": [
              "https://www.googleapis.com/compute/v1/projects/ip2-devops4-480317/zones/europe-west1-b/instanceGroups/gke-ai-platform-team-ai-platform-team-e73fdbb8-grp"
            ],
            "management": [
              {
                "auto_repair": true,
                "auto_upgrade": true
              }
            ],
            "max_pods_per_node": 110,
            "name": "ai-platform-team4-node-pool",
            "name_prefix": "",
            "network_config": [
              {
                "additional_node_network_configs": [],
                "additional_pod_network_configs": [],
                "create_pod_range": false,
                "enable_private_nodes": false,
                "network_performance_config": [],
                "pod_cidr_overprovision_config": [],
                "pod_ipv4_cidr_block": "10.196.0.0/14",
                "pod_range": "gke-ai-platform-team4-pods-8b756b57"
              }
            ],
            "node_config": [
              {
                "advanced_machine_features": [],
                "boot_disk_kms_key": "",
                "confidential_nodes": [],
                "containerd_config": [],
                "disk_size_gb": 50,
                "disk_type": "pd-standard",
                "effective_taints": [],
                "enable_confidential_storage": false,
                "ephemeral_storage_local_ssd_config": [],
                "fast_socket": [],
                "gcfs_config": [],
                "guest_accelerator": [],
                "gvnic": [],
                "host_maintenance_policy": [],
                "image_type": "COS_CONTAINERD",
                "kubelet_config": [
                  {
                    "cpu_cfs_quota": false,
                    "cpu_cfs_quota_period": "",
                    "cpu_manager_policy": "",
                    "insecure_kubelet_readonly_port_enabled": "FALSE",
                    "pod_pids_limit": 0
                  }
                ],
                "labels": {
                  "team": "team4"
                },
                "linux_node_config": [],
                "local_nvme_ssd_block_config": [],
                "local_ssd_count": 0,
                "logging_variant": "DEFAULT",
                "machine_type": "e2-standard-4",
                "metadata": {
                  "disable-legacy-endpoints": "true"
                },
                "min_cpu_platform": "",
                "node_group": "",
                "oauth_scopes": [
                  "https://www.googleapis.com/auth/cloud-platform"
                ],
                "preemptible": false,
                "reservation_affinity": [],
                "resource_labels": {
                  "goog-gke-node-pool-provisioning-model": "on-demand"
                },
                "resource_manager_tags": null,
                "secondary_boot_disks": [],
                "service_account": "default",
                "shielded_instance_config": [
                  {
                    "enable_integrity_monitoring": true,
                    "enable_secure_boot": false
                  }
                ],
                "sole_tenant_config": [],
                "spot": false,
                "tags": [
                  "gke-node",
                  "team4"
                ],
                "taint": [],
                "workload_metadata_config": [
                  {
                    "mode": "GKE_METADATA"
                  }
                ]
              }
            ],
            "node_count": 1,
            "node_locations": [
              "europe-west1-b"
            ],
            "operation": null,
            "placement_policy": [],
            "project": "ip2-devops4-480317",
            "queued_provisioning": [],
            "timeouts": null,
            "upgrade_settings": [
              {
                "blue_green_settings": [],
                "max_surge": 1,
                "max_unavailable": 0,
                "strategy": "SURGE"
              }
            ],
            "version": "1.33.5-gke.1308000"
          },
          "sensitive_attributes": [],
          "private": "eyJlMmJmYjczMC1lY2FhLTExZTYtOGY4OC0zNDM2M2JjN2M0YzAiOnsiY3JlYXRlIjoxODAwMDAwMDAwMDAwLCJkZWxldGUiOjE4MDAwMDAwMDAwMDAsInVwZGF0ZSI6MTgwMDAwMDAwMDAwMH0sInNjaGVtYV92ZXJzaW9uIjoiMSJ9",
          "dependencies": [
            "google_compute_network.vpc",
            "google_compute_subnetwork.subnet",
            "google_container_cluster.primary"
          ]
        }
      ]
    }
  ],
  "check_results": null
}
