{
  "version": 4,
  "terraform_version": "1.6.0",
  "serial": 21,
  "lineage": "f2e7a8ff-ee32-c871-1d56-e7d60b5f042b",
  "outputs": {
    "cluster_ca_certificate": {
      "value": null,
      "type": "string",
      "sensitive": true
    },
    "ingress_ip": {
      "value": "35.195.156.232",
      "type": "string"
    },
    "kubernetes_cluster_endpoint": {
      "value": null,
      "type": "string",
      "sensitive": true
    },
    "kubernetes_cluster_name": {
      "value": null,
      "type": "string",
      "sensitive": true
    },
    "project_id": {
      "value": "ip2-devops4-480317",
      "type": "string"
    },
    "region": {
      "value": "europe-west1",
      "type": "string"
    }
  },
  "resources": [
    {
      "mode": "data",
      "type": "google_client_config",
      "name": "default",
      "provider": "provider[\"registry.opentofu.org/hashicorp/google\"]",
      "instances": [
        {
          "schema_version": 0,
          "attributes": {
            "access_token": "ya29.c.c0AYnqXljklxXy76jPHtVxV17rnIaJJGe2iqaXma6a6hJa7-coNs1YDzuBSh8Wn7AAMo3-Vk8Z_pn4gO4SO-F95GP1ks6S7IAfSWn1KFP1pLoYyCrns0AMw6bfleEZPah7vngzBAhkRVJvmDJYJgA6i_oBsaFbNpB0qFOX5ElgcBRYoXGZFSKLsDPmNj__VrWhfrs2JG3mtXDMjaybfHGA5QXrfTSPAKJ1jGGcSSD4pEZ8bxFJS9vUEyV-jk5vMpCdbz-MIOl6PtOcqLEZJqdEGeY9U_Gdm8DsB2W0P-nOFZE-5ICiUXjKG4WBr_mStC-cR6TuXMqBEcXJYFqAhS0a6XzFPubZ9ReEO3fc-bfzOoglRnqLu7-Av8Bu0wT387K-_Ols07lJW7vOyX7ryfs-ScR5nqjIqwd9-t0O-29yOtix4Sod4UFIxra_bMOa94d5nqya2_Slvd7Mn__zXwmOkYaQcXOqzodSRqthazqsjIXIhMyBpsJiy0z21JQcjWOk8OZWBXmm6bWbI0-UndBRymqur_5ViavtVc-Vf7edbRwW7x17QReoolUuvr13qbgvUfWm9hVfWI0rumrhiF4r1tr_2Bsxdqzf3e7i7oXSim8V3IkRZ5ezuqZcMmgnSsav137uy1gUkmM9h7hZp_coofSIgQdZ9j1FZox9Uq5OqeMh346QoqJrqYVuFiBZ50hB-J7Z4qb4kVqIxMRtSMqQBri994bb7JjbuiZjl79aFMr5Oazv3J_Jh7ecFYusQp1s5u5ogJYlraQ_9RqkrckxlwSF39i4srVss0nOfB_cpSBzIB_Vkmwg6oe2r_n5-_zaw03SUUjoMt9ucp1X2v7_I2-XrVeY9_-Bkd84SofauYj-S5-vRfrZ6Q17sIooFuyu8uUhnnF4yukBaoRp2uI9v-lqbpdJW1hdeBSmrcboRQJzqfnzmt61ZeqSMsMbh21UzuFQ02Y3Qa3--ZVyyYUukv-mZ0iuQgvWrls_69eahY-Ze8Opeamt54X",
            "default_labels": null,
            "id": "projects/\"ip2-devops4-480317\"/regions/\"europe-west1\"/zones/\u003cnull\u003e",
            "project": "ip2-devops4-480317",
            "region": "europe-west1",
            "zone": null
          },
          "sensitive_attributes": []
        }
      ]
    },
    {
      "mode": "managed",
      "type": "google_compute_address",
      "name": "ingress",
      "provider": "provider[\"registry.opentofu.org/hashicorp/google\"]",
      "instances": [
        {
          "schema_version": 0,
          "attributes": {
            "address": "35.195.156.232",
            "address_type": "EXTERNAL",
            "creation_timestamp": "2026-01-02T07:22:56.934-08:00",
            "description": "",
            "effective_labels": {},
            "id": "projects/ip2-devops4-480317/regions/europe-west1/addresses/ai-platform-ingress-ip-team4",
            "ip_version": "",
            "ipv6_endpoint_type": "",
            "label_fingerprint": "42WmSpB8rSM=",
            "labels": {},
            "name": "ai-platform-ingress-ip-team4",
            "network": "",
            "network_tier": "PREMIUM",
            "prefix_length": 0,
            "project": "ip2-devops4-480317",
            "purpose": "",
            "region": "europe-west1",
            "self_link": "https://www.googleapis.com/compute/v1/projects/ip2-devops4-480317/regions/europe-west1/addresses/ai-platform-ingress-ip-team4",
            "subnetwork": "",
            "terraform_labels": {},
            "timeouts": null,
            "users": []
          },
          "sensitive_attributes": [],
          "private": "eyJlMmJmYjczMC1lY2FhLTExZTYtOGY4OC0zNDM2M2JjN2M0YzAiOnsiY3JlYXRlIjoxMjAwMDAwMDAwMDAwLCJkZWxldGUiOjEyMDAwMDAwMDAwMDAsInVwZGF0ZSI6MTIwMDAwMDAwMDAwMH19"
        }
      ]
    },
    {
      "mode": "managed",
      "type": "google_compute_firewall",
      "name": "allow_http_https",
      "provider": "provider[\"registry.opentofu.org/hashicorp/google\"]",
      "instances": [
        {
          "schema_version": 1,
          "attributes": {
            "allow": [
              {
                "ports": [
                  "80",
                  "443",
                  "8000",
                  "8080",
                  "11434"
                ],
                "protocol": "tcp"
              }
            ],
            "creation_timestamp": "2026-01-02T07:23:08.613-08:00",
            "deny": [],
            "description": "",
            "destination_ranges": [],
            "direction": "INGRESS",
            "disabled": false,
            "enable_logging": null,
            "id": "projects/ip2-devops4-480317/global/firewalls/allow-http-https-team4",
            "log_config": [],
            "name": "allow-http-https-team4",
            "network": "https://www.googleapis.com/compute/v1/projects/ip2-devops4-480317/global/networks/ai-network-team4",
            "priority": 1000,
            "project": "ip2-devops4-480317",
            "self_link": "https://www.googleapis.com/compute/v1/projects/ip2-devops4-480317/global/firewalls/allow-http-https-team4",
            "source_ranges": [
              "0.0.0.0/0"
            ],
            "source_service_accounts": [],
            "source_tags": [],
            "target_service_accounts": [],
            "target_tags": [],
            "timeouts": null
          },
          "sensitive_attributes": [],
          "private": "eyJlMmJmYjczMC1lY2FhLTExZTYtOGY4OC0zNDM2M2JjN2M0YzAiOnsiY3JlYXRlIjoxMjAwMDAwMDAwMDAwLCJkZWxldGUiOjEyMDAwMDAwMDAwMDAsInVwZGF0ZSI6MTIwMDAwMDAwMDAwMH0sInNjaGVtYV92ZXJzaW9uIjoiMSJ9"
        }
      ]
    },
    {
      "mode": "managed",
      "type": "google_compute_firewall",
      "name": "allow_internal",
      "provider": "provider[\"registry.opentofu.org/hashicorp/google\"]",
      "instances": [
        {
          "schema_version": 1,
          "attributes": {
            "allow": [
              {
                "ports": [
                  "0-65535"
                ],
                "protocol": "tcp"
              },
              {
                "ports": [
                  "0-65535"
                ],
                "protocol": "udp"
              }
            ],
            "creation_timestamp": "2026-01-02T07:23:08.820-08:00",
            "deny": [],
            "description": "",
            "destination_ranges": [],
            "direction": "INGRESS",
            "disabled": false,
            "enable_logging": null,
            "id": "projects/ip2-devops4-480317/global/firewalls/allow-internal-team4",
            "log_config": [],
            "name": "allow-internal-team4",
            "network": "https://www.googleapis.com/compute/v1/projects/ip2-devops4-480317/global/networks/ai-network-team4",
            "priority": 1000,
            "project": "ip2-devops4-480317",
            "self_link": "https://www.googleapis.com/compute/v1/projects/ip2-devops4-480317/global/firewalls/allow-internal-team4",
            "source_ranges": [
              "10.1.0.0/20"
            ],
            "source_service_accounts": [],
            "source_tags": [],
            "target_service_accounts": [],
            "target_tags": [],
            "timeouts": null
          },
          "sensitive_attributes": [],
          "private": "eyJlMmJmYjczMC1lY2FhLTExZTYtOGY4OC0zNDM2M2JjN2M0YzAiOnsiY3JlYXRlIjoxMjAwMDAwMDAwMDAwLCJkZWxldGUiOjEyMDAwMDAwMDAwMDAsInVwZGF0ZSI6MTIwMDAwMDAwMDAwMH0sInNjaGVtYV92ZXJzaW9uIjoiMSJ9"
        }
      ]
    },
    {
      "mode": "managed",
      "type": "google_compute_firewall",
      "name": "allow_ssh",
      "provider": "provider[\"registry.opentofu.org/hashicorp/google\"]",
      "instances": [
        {
          "schema_version": 1,
          "attributes": {
            "allow": [
              {
                "ports": [
                  "22"
                ],
                "protocol": "tcp"
              }
            ],
            "creation_timestamp": "2026-01-02T07:23:08.731-08:00",
            "deny": [],
            "description": "",
            "destination_ranges": [],
            "direction": "INGRESS",
            "disabled": false,
            "enable_logging": null,
            "id": "projects/ip2-devops4-480317/global/firewalls/allow-ssh-team4",
            "log_config": [],
            "name": "allow-ssh-team4",
            "network": "https://www.googleapis.com/compute/v1/projects/ip2-devops4-480317/global/networks/ai-network-team4",
            "priority": 1000,
            "project": "ip2-devops4-480317",
            "self_link": "https://www.googleapis.com/compute/v1/projects/ip2-devops4-480317/global/firewalls/allow-ssh-team4",
            "source_ranges": [
              "0.0.0.0/0"
            ],
            "source_service_accounts": [],
            "source_tags": [],
            "target_service_accounts": [],
            "target_tags": [],
            "timeouts": null
          },
          "sensitive_attributes": [],
          "private": "eyJlMmJmYjczMC1lY2FhLTExZTYtOGY4OC0zNDM2M2JjN2M0YzAiOnsiY3JlYXRlIjoxMjAwMDAwMDAwMDAwLCJkZWxldGUiOjEyMDAwMDAwMDAwMDAsInVwZGF0ZSI6MTIwMDAwMDAwMDAwMH0sInNjaGVtYV92ZXJzaW9uIjoiMSJ9"
        }
      ]
    },
    {
      "mode": "managed",
      "type": "google_compute_network",
      "name": "vpc",
      "provider": "provider[\"registry.opentofu.org/hashicorp/google\"]",
      "instances": [
        {
          "schema_version": 0,
          "attributes": {
            "auto_create_subnetworks": false,
            "delete_default_routes_on_create": false,
            "description": "",
            "enable_ula_internal_ipv6": false,
            "gateway_ipv4": "",
            "id": "projects/ip2-devops4-480317/global/networks/ai-network-team4",
            "internal_ipv6_range": "",
            "mtu": 0,
            "name": "ai-network-team4",
            "network_firewall_policy_enforcement_order": "AFTER_CLASSIC_FIREWALL",
            "numeric_id": "3915864881059486783",
            "project": "ip2-devops4-480317",
            "routing_mode": "REGIONAL",
            "self_link": "https://www.googleapis.com/compute/v1/projects/ip2-devops4-480317/global/networks/ai-network-team4",
            "timeouts": null
          },
          "sensitive_attributes": [],
          "private": "eyJlMmJmYjczMC1lY2FhLTExZTYtOGY4OC0zNDM2M2JjN2M0YzAiOnsiY3JlYXRlIjoxMjAwMDAwMDAwMDAwLCJkZWxldGUiOjEyMDAwMDAwMDAwMDAsInVwZGF0ZSI6MTIwMDAwMDAwMDAwMH19"
        }
      ]
    },
    {
      "mode": "managed",
      "type": "google_compute_subnetwork",
      "name": "subnet",
      "provider": "provider[\"registry.opentofu.org/hashicorp/google\"]",
      "instances": [
        {
          "schema_version": 0,
          "attributes": {
            "creation_timestamp": "2026-01-02T07:23:08.867-08:00",
            "description": "",
            "external_ipv6_prefix": "",
            "fingerprint": null,
            "gateway_address": "10.1.0.1",
            "id": "projects/ip2-devops4-480317/regions/europe-west1/subnetworks/ai-subnet-team4",
            "internal_ipv6_prefix": "",
            "ip_cidr_range": "10.1.0.0/20",
            "ipv6_access_type": "",
            "ipv6_cidr_range": "",
            "log_config": [],
            "name": "ai-subnet-team4",
            "network": "https://www.googleapis.com/compute/v1/projects/ip2-devops4-480317/global/networks/ai-network-team4",
            "private_ip_google_access": false,
            "private_ipv6_google_access": "DISABLE_GOOGLE_ACCESS",
            "project": "ip2-devops4-480317",
            "purpose": "PRIVATE",
            "region": "europe-west1",
            "role": "",
            "secondary_ip_range": [],
            "self_link": "https://www.googleapis.com/compute/v1/projects/ip2-devops4-480317/regions/europe-west1/subnetworks/ai-subnet-team4",
            "send_secondary_ip_range_if_empty": null,
            "stack_type": "IPV4_ONLY",
            "timeouts": null
          },
          "sensitive_attributes": [],
          "private": "eyJlMmJmYjczMC1lY2FhLTExZTYtOGY4OC0zNDM2M2JjN2M0YzAiOnsiY3JlYXRlIjoxMjAwMDAwMDAwMDAwLCJkZWxldGUiOjEyMDAwMDAwMDAwMDAsInVwZGF0ZSI6MTIwMDAwMDAwMDAwMH0sInNjaGVtYV92ZXJzaW9uIjoiMCJ9"
        }
      ]
    }
  ],
  "check_results": null
}
