{
  "version": 4,
  "terraform_version": "1.6.0",
  "serial": 246,
  "lineage": "c8c09275-e0c3-3f43-766f-d6c4c0859626",
  "outputs": {
    "cluster_ca_certificate": {
      "value": "LS0tLS1CRUdJTiBDRVJUSUZJQ0FURS0tLS0tCk1JSUVMRENDQXBTZ0F3SUJBZ0lRZTZiWUN1TWZHcmVOK1ZNS1ZaUFBoekFOQmdrcWhraUc5dzBCQVFzRkFEQXYKTVMwd0t3WURWUVFERXlRd09EVm1PR001T0Mwd01EUTJMVFF6T1RBdFlXTTJNaTB6TTJSbU9HSm1OemszTkdZdwpJQmNOTWpZd01UQXlNREV5T0RNeVdoZ1BNakExTlRFeU1qWXdNakk0TXpKYU1DOHhMVEFyQmdOVkJBTVRKREE0Ck5XWTRZems0TFRBd05EWXRORE01TUMxaFl6WXlMVE16WkdZNFltWTNPVGMwWmpDQ0FhSXdEUVlKS29aSWh2Y04KQVFFQkJRQURnZ0dQQURDQ0FZb0NnZ0dCQU1VMHp6RVNDcnNxWWtSWmluOXlidzlkQXAwZitHQXpCYzRqeTRtagp5V3pNbnBRMW01bVJ5ZXM3K1Urb1didmYvNFlnWW1uRnVQNkxQZTVadXFRaGY4c2poRFJrcmFIeitxYXNTNWZZCnE4QnFKeWpmVHhwaENKVEhKMFFHQTc1VFpIOEJSS1VyZ2pyZnYvM2pvY0lZSmFsWXU5aWNsYi9PcGZvbDNGUlAKSmxBTENySWIrMWVjaldUUW5JbDVIV2RMbDh0RHpKd3hzUG9Ga1NvcDIzM0F2TDA2Ym12Nm5sRjFhOHFFdjdTNAo0ZGo1NnMvbkk0WVBmN3BFUVdVSmZJN1V2bzNvTWllRFFhc0szSHdSeDVITXNZRlQ0ZDZsZEVodlJDU1MyamF3Cktyems3djRvS3g2STNneFRULzhrdEUyUjNyY1VJaFFvQ09OOVBBTXZ4YUtSUk1DYndVcHNMQU9JU0VwdmVRb1YKYUZPUW1nS3Fwbk1Lb0YzZkdpNnlZaDZjL3FvUUlxRnEvQk52emhzN3hYYXN2N3hzRGxOTWh0RDYxdndaK3F2cAptbEE2OWcweGxxTTdxbDY4RnJxNERpbTIxM3RsdGZOMm5QVlc4a2x5aG9OSlVFK3JpMEZNdzByREVsck1wMzhvCk5oWExGeE9BdUZpODc1bSsyakxjYkR4a2pRSURBUUFCbzBJd1FEQU9CZ05WSFE4QkFmOEVCQU1DQWdRd0R3WUQKVlIwVEFRSC9CQVV3QXdFQi96QWRCZ05WSFE0RUZnUVVPRFN1dFR1dmpJekJxTTVscTEvakZWN0h2TWd3RFFZSgpLb1pJaHZjTkFRRUxCUUFEZ2dHQkFBdThneWEzeDc0SjBMS0x5TFFOZU85WWx6eFRYUnhCeXlRRVRySXM1WUY3CmtySk1RKzhsanRTWTBvT2FjbkRRQjlVMkRJVDFEdEtZTDNLR2g3RjJTVUlyVW8xTHNmRHhjWVRESUVmR1k5Rm0KUEI2STZBbWNhMG5HZmx5Qk9zbEtpVkJETHRxbVlJcnMrbFEvUFJsQzlXQmhGc2YyeitGWERKUVpLdGRMWTNlWQo0RUg3VEhvUHBiRjRaS2hzVWI4WTlzdXRRMlBpTGptRFNMdFFoRXhxMkcyZi9uZTl1ZnlmR2ZCUzJXU2ttck1CCnZrK0hpUlUxeWk4Zm5NR1JoVC9keGwrUWxuSC9MZHZvVHdIajVOeWd4T3lwT1NYOTJ4NW1kMkd6c2c3V1JjZloKNXdiWnhWUDh0bXBacVJjZXpkL3hNdWtUY1dVMVJmWTNJYXlHVGUweVd6VFRFKzF0VXBRWE9xOEhqcHpGQVRLdgpyWDVDUmpKTFU4Sm9FSUNFSFFiZ1ZlV3l3ZSs3bjJGVDBsUEZxaVdrUjZkbm14bVZwNnIrcVVuajFlSnpqRXlxCjBndHNjQ0VBODJuZ2NVRENYaHpSWkVJT0JhTkN2MjZIcURHK256MGtvRjVVN240VWRad1JRSndjbERmcFBsODkKUjd6TWZVRXB2STQwVDJKNFA0SGI4dz09Ci0tLS0tRU5EIENFUlRJRklDQVRFLS0tLS0K",
      "type": "string",
      "sensitive": true
    },
    "gcs_bucket": {
      "value": "stoom-images-team12-ip2-devops4-480317",
      "type": "string"
    },
    "ingress_ip": {
      "value": "35.187.165.48",
      "type": "string"
    },
    "kubernetes_cluster_endpoint": {
      "value": "34.38.229.248",
      "type": "string",
      "sensitive": true
    },
    "kubernetes_cluster_name": {
      "value": "bordspel-platform-team12",
      "type": "string"
    },
    "project_id": {
      "value": "ip2-devops4-480317",
      "type": "string"
    },
    "region": {
      "value": "europe-west1",
      "type": "string"
    }
  },
  "resources": [
    {
      "mode": "data",
      "type": "google_client_config",
      "name": "default",
      "provider": "provider[\"registry.opentofu.org/hashicorp/google\"]",
      "instances": [
        {
          "schema_version": 0,
          "attributes": {
            "access_token": "ya29.c.c0AYnqXlgEu4-PS6HENKtsKZ4D6o7uBiuJSSfwsfsDlgFByfYGiq6Hkl8o4PmaGhZy16PCNB3DFTb87aYww_kWCbxuFLPVudFzCzmDh0eUlXLq810bmK2Uqs7AYBKgoIlBw8hMSoYd0n3mavkexU6zj9sxwDq_KGxLrE5tA3m-Uzid1AluaKf_OGWo90CGRMlu7mOj1e5RoUn4hh2AayVfsRX1LOVeaFNwSMa3o4RPo0yZU3EH-iB0hpAxboUtNH0EItntsy1iP3HqtLwUDCzsHkItq8s1pl_GGnZB8nn7h26L099-iwx-qFEzdfKhWPgBU4Mss42vez_Fsrgz0deSIrCtjf4EiH7fe2PKAIJf6Xd5cd_-VwEoCh97E385K_19jsz8s_n7pkuRqxtOQ65iM77gnZu-lY3tY-uQ2ny8Y2WJWWeV6kJf3dFUtMenl_-_cbWMzZFa7wU_mJFZ_dbIvvm0Wm3R9sRj7wjXdB25OQZ435jcruhXizu9R44gmb4c0tOw7aR2jhu03_7Y2-4Y0wVsa5ucwcf--t7Z3ktBarzQ9XYWmuRykIxzJro_6oWp7Rc2wg-pr1tlRW5QFVY4cQfUZRX7-wxVrwI18n9XdcWq2YbosImk60Vc2vSsXOy_c7upbtjI11vZv85S0SghdUMw5-7o1vz2iB4tnu3XVylJlq9glQYO7hBZQQ1dYVcmxYiwUS_euorvueOxsgJ61iJJMzlxyMU4gfztU98qSvX-sU-qmS2oZ-o-5OU1hJ2vmlF2V8dRvqIxochcIM2lBwahdpxfjv9vB1pJv5dae3tVa_UF_WJbha9lb7qbau1OXlvqJyoecz2m6RchQuy-lli6BoSWa8FmY0pdyr8QrQdafjSkw11Y3WWYSFpd5sfwxtj2Yr5R8eoFI61o-Z8gI6Oo422pW5er6m93kbYrQzuob9X4W1ah_p8bqXxskOR0Quyaq_ttFM7Ia1dOihW0WlbQy2hz1h1B3RnVinij3-fb7agVoe6dRXJ",
            "default_labels": null,
            "id": "projects/\"ip2-devops4-480317\"/regions/\"europe-west1\"/zones/\u003cnull\u003e",
            "project": "ip2-devops4-480317",
            "region": "europe-west1",
            "zone": null
          },
          "sensitive_attributes": []
        }
      ]
    },
    {
      "mode": "managed",
      "type": "google_compute_address",
      "name": "ingress",
      "provider": "provider[\"registry.opentofu.org/hashicorp/google\"]",
      "instances": [
        {
          "schema_version": 0,
          "attributes": {
            "address": "35.187.165.48",
            "address_type": "EXTERNAL",
            "creation_timestamp": "2026-01-01T18:27:54.825-08:00",
            "description": "",
            "effective_labels": {},
            "id": "projects/ip2-devops4-480317/regions/europe-west1/addresses/bordspel-ingress-ip-team12",
            "ip_version": "",
            "ipv6_endpoint_type": "",
            "label_fingerprint": "42WmSpB8rSM=",
            "labels": {},
            "name": "bordspel-ingress-ip-team12",
            "network": "",
            "network_tier": "PREMIUM",
            "prefix_length": 0,
            "project": "ip2-devops4-480317",
            "purpose": "",
            "region": "europe-west1",
            "self_link": "https://www.googleapis.com/compute/v1/projects/ip2-devops4-480317/regions/europe-west1/addresses/bordspel-ingress-ip-team12",
            "subnetwork": "",
            "terraform_labels": {},
            "timeouts": null,
            "users": []
          },
          "sensitive_attributes": [],
          "private": "eyJlMmJmYjczMC1lY2FhLTExZTYtOGY4OC0zNDM2M2JjN2M0YzAiOnsiY3JlYXRlIjoxMjAwMDAwMDAwMDAwLCJkZWxldGUiOjEyMDAwMDAwMDAwMDAsInVwZGF0ZSI6MTIwMDAwMDAwMDAwMH19"
        }
      ]
    },
    {
      "mode": "managed",
      "type": "google_compute_firewall",
      "name": "allow_http_https",
      "provider": "provider[\"registry.opentofu.org/hashicorp/google\"]",
      "instances": [
        {
          "schema_version": 1,
          "attributes": {
            "allow": [
              {
                "ports": [
                  "80",
                  "443"
                ],
                "protocol": "tcp"
              }
            ],
            "creation_timestamp": "2026-01-01T18:28:08.097-08:00",
            "deny": [],
            "description": "",
            "destination_ranges": [],
            "direction": "INGRESS",
            "disabled": false,
            "enable_logging": null,
            "id": "projects/ip2-devops4-480317/global/firewalls/allow-http-https-team12",
            "log_config": [],
            "name": "allow-http-https-team12",
            "network": "https://www.googleapis.com/compute/v1/projects/ip2-devops4-480317/global/networks/bordspel-network-team12",
            "priority": 1000,
            "project": "ip2-devops4-480317",
            "self_link": "https://www.googleapis.com/compute/v1/projects/ip2-devops4-480317/global/firewalls/allow-http-https-team12",
            "source_ranges": [
              "0.0.0.0/0"
            ],
            "source_service_accounts": [],
            "source_tags": [],
            "target_service_accounts": [],
            "target_tags": [],
            "timeouts": null
          },
          "sensitive_attributes": [],
          "private": "eyJlMmJmYjczMC1lY2FhLTExZTYtOGY4OC0zNDM2M2JjN2M0YzAiOnsiY3JlYXRlIjoxMjAwMDAwMDAwMDAwLCJkZWxldGUiOjEyMDAwMDAwMDAwMDAsInVwZGF0ZSI6MTIwMDAwMDAwMDAwMH0sInNjaGVtYV92ZXJzaW9uIjoiMSJ9",
          "dependencies": [
            "google_compute_network.vpc"
          ]
        }
      ]
    },
    {
      "mode": "managed",
      "type": "google_compute_firewall",
      "name": "allow_internal",
      "provider": "provider[\"registry.opentofu.org/hashicorp/google\"]",
      "instances": [
        {
          "schema_version": 1,
          "attributes": {
            "allow": [
              {
                "ports": [
                  "0-65535"
                ],
                "protocol": "tcp"
              },
              {
                "ports": [
                  "0-65535"
                ],
                "protocol": "udp"
              }
            ],
            "creation_timestamp": "2026-01-01T18:28:08.143-08:00",
            "deny": [],
            "description": "",
            "destination_ranges": [],
            "direction": "INGRESS",
            "disabled": false,
            "enable_logging": null,
            "id": "projects/ip2-devops4-480317/global/firewalls/allow-internal-team12",
            "log_config": [],
            "name": "allow-internal-team12",
            "network": "https://www.googleapis.com/compute/v1/projects/ip2-devops4-480317/global/networks/bordspel-network-team12",
            "priority": 1000,
            "project": "ip2-devops4-480317",
            "self_link": "https://www.googleapis.com/compute/v1/projects/ip2-devops4-480317/global/firewalls/allow-internal-team12",
            "source_ranges": [
              "10.0.0.0/20"
            ],
            "source_service_accounts": [],
            "source_tags": [],
            "target_service_accounts": [],
            "target_tags": [],
            "timeouts": null
          },
          "sensitive_attributes": [],
          "private": "eyJlMmJmYjczMC1lY2FhLTExZTYtOGY4OC0zNDM2M2JjN2M0YzAiOnsiY3JlYXRlIjoxMjAwMDAwMDAwMDAwLCJkZWxldGUiOjEyMDAwMDAwMDAwMDAsInVwZGF0ZSI6MTIwMDAwMDAwMDAwMH0sInNjaGVtYV92ZXJzaW9uIjoiMSJ9",
          "dependencies": [
            "google_compute_network.vpc"
          ]
        }
      ]
    },
    {
      "mode": "managed",
      "type": "google_compute_firewall",
      "name": "allow_ssh",
      "provider": "provider[\"registry.opentofu.org/hashicorp/google\"]",
      "instances": [
        {
          "schema_version": 1,
          "attributes": {
            "allow": [
              {
                "ports": [
                  "22"
                ],
                "protocol": "tcp"
              }
            ],
            "creation_timestamp": "2026-01-01T18:28:08.843-08:00",
            "deny": [],
            "description": "",
            "destination_ranges": [],
            "direction": "INGRESS",
            "disabled": false,
            "enable_logging": null,
            "id": "projects/ip2-devops4-480317/global/firewalls/allow-ssh-team12",
            "log_config": [],
            "name": "allow-ssh-team12",
            "network": "https://www.googleapis.com/compute/v1/projects/ip2-devops4-480317/global/networks/bordspel-network-team12",
            "priority": 1000,
            "project": "ip2-devops4-480317",
            "self_link": "https://www.googleapis.com/compute/v1/projects/ip2-devops4-480317/global/firewalls/allow-ssh-team12",
            "source_ranges": [
              "0.0.0.0/0"
            ],
            "source_service_accounts": [],
            "source_tags": [],
            "target_service_accounts": [],
            "target_tags": [],
            "timeouts": null
          },
          "sensitive_attributes": [],
          "private": "eyJlMmJmYjczMC1lY2FhLTExZTYtOGY4OC0zNDM2M2JjN2M0YzAiOnsiY3JlYXRlIjoxMjAwMDAwMDAwMDAwLCJkZWxldGUiOjEyMDAwMDAwMDAwMDAsInVwZGF0ZSI6MTIwMDAwMDAwMDAwMH0sInNjaGVtYV92ZXJzaW9uIjoiMSJ9",
          "dependencies": [
            "google_compute_network.vpc"
          ]
        }
      ]
    },
    {
      "mode": "managed",
      "type": "google_compute_network",
      "name": "vpc",
      "provider": "provider[\"registry.opentofu.org/hashicorp/google\"]",
      "instances": [
        {
          "schema_version": 0,
          "attributes": {
            "auto_create_subnetworks": false,
            "delete_default_routes_on_create": false,
            "description": "",
            "enable_ula_internal_ipv6": false,
            "gateway_ipv4": "",
            "id": "projects/ip2-devops4-480317/global/networks/bordspel-network-team12",
            "internal_ipv6_range": "",
            "mtu": 0,
            "name": "bordspel-network-team12",
            "network_firewall_policy_enforcement_order": "AFTER_CLASSIC_FIREWALL",
            "numeric_id": "4714088689074607045",
            "project": "ip2-devops4-480317",
            "routing_mode": "REGIONAL",
            "self_link": "https://www.googleapis.com/compute/v1/projects/ip2-devops4-480317/global/networks/bordspel-network-team12",
            "timeouts": null
          },
          "sensitive_attributes": [],
          "private": "eyJlMmJmYjczMC1lY2FhLTExZTYtOGY4OC0zNDM2M2JjN2M0YzAiOnsiY3JlYXRlIjoxMjAwMDAwMDAwMDAwLCJkZWxldGUiOjEyMDAwMDAwMDAwMDAsInVwZGF0ZSI6MTIwMDAwMDAwMDAwMH19"
        }
      ]
    },
    {
      "mode": "managed",
      "type": "google_compute_subnetwork",
      "name": "subnet",
      "provider": "provider[\"registry.opentofu.org/hashicorp/google\"]",
      "instances": [
        {
          "schema_version": 0,
          "attributes": {
            "creation_timestamp": "2026-01-01T18:28:08.355-08:00",
            "description": "",
            "external_ipv6_prefix": "",
            "fingerprint": null,
            "gateway_address": "10.0.0.1",
            "id": "projects/ip2-devops4-480317/regions/europe-west1/subnetworks/bordspel-subnet-team12",
            "internal_ipv6_prefix": "",
            "ip_cidr_range": "10.0.0.0/20",
            "ipv6_access_type": "",
            "ipv6_cidr_range": "",
            "log_config": [],
            "name": "bordspel-subnet-team12",
            "network": "https://www.googleapis.com/compute/v1/projects/ip2-devops4-480317/global/networks/bordspel-network-team12",
            "private_ip_google_access": true,
            "private_ipv6_google_access": "DISABLE_GOOGLE_ACCESS",
            "project": "ip2-devops4-480317",
            "purpose": "PRIVATE",
            "region": "europe-west1",
            "role": "",
            "secondary_ip_range": [
              {
                "ip_cidr_range": "10.244.0.0/14",
                "range_name": "gke-bordspel-platform-team12-pods-81fb9e38"
              }
            ],
            "self_link": "https://www.googleapis.com/compute/v1/projects/ip2-devops4-480317/regions/europe-west1/subnetworks/bordspel-subnet-team12",
            "send_secondary_ip_range_if_empty": null,
            "stack_type": "IPV4_ONLY",
            "timeouts": null
          },
          "sensitive_attributes": [],
          "private": "eyJlMmJmYjczMC1lY2FhLTExZTYtOGY4OC0zNDM2M2JjN2M0YzAiOnsiY3JlYXRlIjoxMjAwMDAwMDAwMDAwLCJkZWxldGUiOjEyMDAwMDAwMDAwMDAsInVwZGF0ZSI6MTIwMDAwMDAwMDAwMH19",
          "dependencies": [
            "google_compute_network.vpc"
          ]
        }
      ]
    },
    {
      "mode": "managed",
      "type": "google_container_cluster",
      "name": "primary",
      "provider": "provider[\"registry.opentofu.org/hashicorp/google\"]",
      "instances": [
        {
          "schema_version": 2,
          "attributes": {
            "addons_config": [
              {
                "cloudrun_config": [],
                "config_connector_config": [],
                "dns_cache_config": [],
                "gce_persistent_disk_csi_driver_config": [
                  {
                    "enabled": true
                  }
                ],
                "gcp_filestore_csi_driver_config": [],
                "gcs_fuse_csi_driver_config": [],
                "gke_backup_agent_config": [],
                "horizontal_pod_autoscaling": [
                  {
                    "disabled": false
                  }
                ],
                "http_load_balancing": [
                  {
                    "disabled": false
                  }
                ],
                "network_policy_config": [
                  {
                    "disabled": true
                  }
                ],
                "ray_operator_config": [],
                "stateful_ha_config": []
              }
            ],
            "allow_net_admin": null,
            "authenticator_groups_config": [],
            "binary_authorization": [
              {
                "enabled": false,
                "evaluation_mode": ""
              }
            ],
            "cluster_autoscaling": [
              {
                "auto_provisioning_defaults": [],
                "auto_provisioning_locations": [],
                "autoscaling_profile": "BALANCED",
                "enabled": false,
                "resource_limits": []
              }
            ],
            "cluster_ipv4_cidr": "10.244.0.0/14",
            "confidential_nodes": [],
            "cost_management_config": [],
            "database_encryption": [
              {
                "key_name": "",
                "state": "DECRYPTED"
              }
            ],
            "datapath_provider": "",
            "default_max_pods_per_node": 110,
            "default_snat_status": [
              {
                "disabled": false
              }
            ],
            "deletion_protection": false,
            "description": "",
            "dns_config": [],
            "enable_autopilot": false,
            "enable_cilium_clusterwide_network_policy": false,
            "enable_intranode_visibility": false,
            "enable_k8s_beta_apis": [],
            "enable_kubernetes_alpha": false,
            "enable_l4_ilb_subsetting": false,
            "enable_legacy_abac": false,
            "enable_multi_networking": false,
            "enable_shielded_nodes": true,
            "enable_tpu": false,
            "endpoint": "34.38.229.248",
            "fleet": [],
            "gateway_api_config": [],
            "id": "projects/ip2-devops4-480317/locations/europe-west1-b/clusters/bordspel-platform-team12",
            "identity_service_config": [],
            "initial_node_count": 1,
            "ip_allocation_policy": [
              {
                "additional_pod_ranges_config": [],
                "cluster_ipv4_cidr_block": "10.244.0.0/14",
                "cluster_secondary_range_name": "gke-bordspel-platform-team12-pods-81fb9e38",
                "pod_cidr_overprovision_config": [
                  {
                    "disabled": false
                  }
                ],
                "services_ipv4_cidr_block": "34.118.224.0/20",
                "services_secondary_range_name": "",
                "stack_type": "IPV4"
              }
            ],
            "label_fingerprint": "a9dc16a7",
            "location": "europe-west1-b",
            "logging_config": [
              {
                "enable_components": [
                  "SYSTEM_COMPONENTS",
                  "WORKLOADS"
                ]
              }
            ],
            "logging_service": "logging.googleapis.com/kubernetes",
            "maintenance_policy": [
              {
                "daily_maintenance_window": [
                  {
                    "duration": "PT4H0M0S",
                    "start_time": "03:00"
                  }
                ],
                "maintenance_exclusion": [],
                "recurring_window": []
              }
            ],
            "master_auth": [
              {
                "client_certificate": "",
                "client_certificate_config": [
                  {
                    "issue_client_certificate": false
                  }
                ],
                "client_key": "",
                "cluster_ca_certificate": "LS0tLS1CRUdJTiBDRVJUSUZJQ0FURS0tLS0tCk1JSUVMRENDQXBTZ0F3SUJBZ0lRZTZiWUN1TWZHcmVOK1ZNS1ZaUFBoekFOQmdrcWhraUc5dzBCQVFzRkFEQXYKTVMwd0t3WURWUVFERXlRd09EVm1PR001T0Mwd01EUTJMVFF6T1RBdFlXTTJNaTB6TTJSbU9HSm1OemszTkdZdwpJQmNOTWpZd01UQXlNREV5T0RNeVdoZ1BNakExTlRFeU1qWXdNakk0TXpKYU1DOHhMVEFyQmdOVkJBTVRKREE0Ck5XWTRZems0TFRBd05EWXRORE01TUMxaFl6WXlMVE16WkdZNFltWTNPVGMwWmpDQ0FhSXdEUVlKS29aSWh2Y04KQVFFQkJRQURnZ0dQQURDQ0FZb0NnZ0dCQU1VMHp6RVNDcnNxWWtSWmluOXlidzlkQXAwZitHQXpCYzRqeTRtagp5V3pNbnBRMW01bVJ5ZXM3K1Urb1didmYvNFlnWW1uRnVQNkxQZTVadXFRaGY4c2poRFJrcmFIeitxYXNTNWZZCnE4QnFKeWpmVHhwaENKVEhKMFFHQTc1VFpIOEJSS1VyZ2pyZnYvM2pvY0lZSmFsWXU5aWNsYi9PcGZvbDNGUlAKSmxBTENySWIrMWVjaldUUW5JbDVIV2RMbDh0RHpKd3hzUG9Ga1NvcDIzM0F2TDA2Ym12Nm5sRjFhOHFFdjdTNAo0ZGo1NnMvbkk0WVBmN3BFUVdVSmZJN1V2bzNvTWllRFFhc0szSHdSeDVITXNZRlQ0ZDZsZEVodlJDU1MyamF3Cktyems3djRvS3g2STNneFRULzhrdEUyUjNyY1VJaFFvQ09OOVBBTXZ4YUtSUk1DYndVcHNMQU9JU0VwdmVRb1YKYUZPUW1nS3Fwbk1Lb0YzZkdpNnlZaDZjL3FvUUlxRnEvQk52emhzN3hYYXN2N3hzRGxOTWh0RDYxdndaK3F2cAptbEE2OWcweGxxTTdxbDY4RnJxNERpbTIxM3RsdGZOMm5QVlc4a2x5aG9OSlVFK3JpMEZNdzByREVsck1wMzhvCk5oWExGeE9BdUZpODc1bSsyakxjYkR4a2pRSURBUUFCbzBJd1FEQU9CZ05WSFE4QkFmOEVCQU1DQWdRd0R3WUQKVlIwVEFRSC9CQVV3QXdFQi96QWRCZ05WSFE0RUZnUVVPRFN1dFR1dmpJekJxTTVscTEvakZWN0h2TWd3RFFZSgpLb1pJaHZjTkFRRUxCUUFEZ2dHQkFBdThneWEzeDc0SjBMS0x5TFFOZU85WWx6eFRYUnhCeXlRRVRySXM1WUY3CmtySk1RKzhsanRTWTBvT2FjbkRRQjlVMkRJVDFEdEtZTDNLR2g3RjJTVUlyVW8xTHNmRHhjWVRESUVmR1k5Rm0KUEI2STZBbWNhMG5HZmx5Qk9zbEtpVkJETHRxbVlJcnMrbFEvUFJsQzlXQmhGc2YyeitGWERKUVpLdGRMWTNlWQo0RUg3VEhvUHBiRjRaS2hzVWI4WTlzdXRRMlBpTGptRFNMdFFoRXhxMkcyZi9uZTl1ZnlmR2ZCUzJXU2ttck1CCnZrK0hpUlUxeWk4Zm5NR1JoVC9keGwrUWxuSC9MZHZvVHdIajVOeWd4T3lwT1NYOTJ4NW1kMkd6c2c3V1JjZloKNXdiWnhWUDh0bXBacVJjZXpkL3hNdWtUY1dVMVJmWTNJYXlHVGUweVd6VFRFKzF0VXBRWE9xOEhqcHpGQVRLdgpyWDVDUmpKTFU4Sm9FSUNFSFFiZ1ZlV3l3ZSs3bjJGVDBsUEZxaVdrUjZkbm14bVZwNnIrcVVuajFlSnpqRXlxCjBndHNjQ0VBODJuZ2NVRENYaHpSWkVJT0JhTkN2MjZIcURHK256MGtvRjVVN240VWRad1JRSndjbERmcFBsODkKUjd6TWZVRXB2STQwVDJKNFA0SGI4dz09Ci0tLS0tRU5EIENFUlRJRklDQVRFLS0tLS0K"
              }
            ],
            "master_authorized_networks_config": [],
            "master_version": "1.33.5-gke.1308000",
            "mesh_certificates": [],
            "min_master_version": null,
            "monitoring_config": [
              {
                "advanced_datapath_observability_config": [
                  {
                    "enable_metrics": false,
                    "enable_relay": false,
                    "relay_mode": "DISABLED"
                  }
                ],
                "enable_components": [
                  "SYSTEM_COMPONENTS",
                  "HPA",
                  "POD",
                  "DAEMONSET",
                  "DEPLOYMENT",
                  "STATEFULSET",
                  "JOBSET",
                  "STORAGE",
                  "CADVISOR",
                  "KUBELET",
                  "DCGM"
                ],
                "managed_prometheus": [
                  {
                    "enabled": true
                  }
                ]
              }
            ],
            "monitoring_service": "monitoring.googleapis.com/kubernetes",
            "name": "bordspel-platform-team12",
            "network": "projects/ip2-devops4-480317/global/networks/bordspel-network-team12",
            "network_policy": [
              {
                "enabled": false,
                "provider": "PROVIDER_UNSPECIFIED"
              }
            ],
            "networking_mode": "VPC_NATIVE",
            "node_config": [
              {
                "advanced_machine_features": [],
                "boot_disk_kms_key": "",
                "confidential_nodes": [],
                "containerd_config": [],
                "disk_size_gb": 50,
                "disk_type": "pd-standard",
                "effective_taints": [],
                "enable_confidential_storage": false,
                "ephemeral_storage_local_ssd_config": [],
                "fast_socket": [],
                "gcfs_config": [],
                "guest_accelerator": [],
                "gvnic": [],
                "host_maintenance_policy": [],
                "image_type": "COS_CONTAINERD",
                "kubelet_config": [
                  {
                    "cpu_cfs_quota": false,
                    "cpu_cfs_quota_period": "",
                    "cpu_manager_policy": "",
                    "insecure_kubelet_readonly_port_enabled": "FALSE",
                    "pod_pids_limit": 0
                  }
                ],
                "labels": {
                  "team": "team12"
                },
                "linux_node_config": [],
                "local_nvme_ssd_block_config": [],
                "local_ssd_count": 0,
                "logging_variant": "DEFAULT",
                "machine_type": "e2-standard-2",
                "metadata": {
                  "disable-legacy-endpoints": "true"
                },
                "min_cpu_platform": "",
                "node_group": "",
                "oauth_scopes": [
                  "https://www.googleapis.com/auth/cloud-platform"
                ],
                "preemptible": false,
                "reservation_affinity": [],
                "resource_labels": {
                  "goog-gke-node-pool-provisioning-model": "on-demand"
                },
                "resource_manager_tags": {},
                "secondary_boot_disks": [],
                "service_account": "default",
                "shielded_instance_config": [
                  {
                    "enable_integrity_monitoring": true,
                    "enable_secure_boot": false
                  }
                ],
                "sole_tenant_config": [],
                "spot": false,
                "tags": [
                  "gke-node",
                  "team12"
                ],
                "taint": [],
                "workload_metadata_config": [
                  {
                    "mode": "GKE_METADATA"
                  }
                ]
              }
            ],
            "node_locations": [],
            "node_pool": [
              {
                "autoscaling": [
                  {
                    "location_policy": "BALANCED",
                    "max_node_count": 5,
                    "min_node_count": 1,
                    "total_max_node_count": 0,
                    "total_min_node_count": 0
                  }
                ],
                "initial_node_count": 1,
                "instance_group_urls": [
                  "https://www.googleapis.com/compute/v1/projects/ip2-devops4-480317/zones/europe-west1-b/instanceGroupManagers/gke-bordspel-platfor-bordspel-platfor-499b35a1-grp"
                ],
                "managed_instance_group_urls": [
                  "https://www.googleapis.com/compute/v1/projects/ip2-devops4-480317/zones/europe-west1-b/instanceGroups/gke-bordspel-platfor-bordspel-platfor-499b35a1-grp"
                ],
                "management": [
                  {
                    "auto_repair": true,
                    "auto_upgrade": true
                  }
                ],
                "max_pods_per_node": 110,
                "name": "bordspel-platform-team12-node-pool",
                "name_prefix": "",
                "network_config": [
                  {
                    "additional_node_network_configs": [],
                    "additional_pod_network_configs": [],
                    "create_pod_range": false,
                    "enable_private_nodes": false,
                    "network_performance_config": [],
                    "pod_cidr_overprovision_config": [],
                    "pod_ipv4_cidr_block": "10.244.0.0/14",
                    "pod_range": "gke-bordspel-platform-team12-pods-81fb9e38"
                  }
                ],
                "node_config": [
                  {
                    "advanced_machine_features": [],
                    "boot_disk_kms_key": "",
                    "confidential_nodes": [],
                    "containerd_config": [],
                    "disk_size_gb": 50,
                    "disk_type": "pd-standard",
                    "effective_taints": [],
                    "enable_confidential_storage": false,
                    "ephemeral_storage_local_ssd_config": [],
                    "fast_socket": [],
                    "gcfs_config": [],
                    "guest_accelerator": [],
                    "gvnic": [],
                    "host_maintenance_policy": [],
                    "image_type": "COS_CONTAINERD",
                    "kubelet_config": [
                      {
                        "cpu_cfs_quota": false,
                        "cpu_cfs_quota_period": "",
                        "cpu_manager_policy": "",
                        "insecure_kubelet_readonly_port_enabled": "FALSE",
                        "pod_pids_limit": 0
                      }
                    ],
                    "labels": {
                      "team": "team12"
                    },
                    "linux_node_config": [],
                    "local_nvme_ssd_block_config": [],
                    "local_ssd_count": 0,
                    "logging_variant": "DEFAULT",
                    "machine_type": "e2-standard-2",
                    "metadata": {
                      "disable-legacy-endpoints": "true"
                    },
                    "min_cpu_platform": "",
                    "node_group": "",
                    "oauth_scopes": [
                      "https://www.googleapis.com/auth/cloud-platform"
                    ],
                    "preemptible": false,
                    "reservation_affinity": [],
                    "resource_labels": {
                      "goog-gke-node-pool-provisioning-model": "on-demand"
                    },
                    "resource_manager_tags": {},
                    "secondary_boot_disks": [],
                    "service_account": "default",
                    "shielded_instance_config": [
                      {
                        "enable_integrity_monitoring": true,
                        "enable_secure_boot": false
                      }
                    ],
                    "sole_tenant_config": [],
                    "spot": false,
                    "tags": [
                      "gke-node",
                      "team12"
                    ],
                    "taint": [],
                    "workload_metadata_config": [
                      {
                        "mode": "GKE_METADATA"
                      }
                    ]
                  }
                ],
                "node_count": 5,
                "node_locations": [
                  "europe-west1-b"
                ],
                "placement_policy": [],
                "queued_provisioning": [],
                "upgrade_settings": [
                  {
                    "blue_green_settings": [],
                    "max_surge": 1,
                    "max_unavailable": 0,
                    "strategy": "SURGE"
                  }
                ],
                "version": "1.33.5-gke.1308000"
              }
            ],
            "node_pool_auto_config": [
              {
                "network_tags": [],
                "node_kubelet_config": [
                  {
                    "insecure_kubelet_readonly_port_enabled": "FALSE"
                  }
                ],
                "resource_manager_tags": {}
              }
            ],
            "node_pool_defaults": [
              {
                "node_config_defaults": [
                  {
                    "containerd_config": [],
                    "insecure_kubelet_readonly_port_enabled": "FALSE",
                    "logging_variant": "DEFAULT"
                  }
                ]
              }
            ],
            "node_version": "1.33.5-gke.1308000",
            "notification_config": [
              {
                "pubsub": [
                  {
                    "enabled": false,
                    "filter": [],
                    "topic": ""
                  }
                ]
              }
            ],
            "operation": null,
            "private_cluster_config": [
              {
                "enable_private_endpoint": false,
                "enable_private_nodes": false,
                "master_global_access_config": [
                  {
                    "enabled": false
                  }
                ],
                "master_ipv4_cidr_block": "",
                "peering_name": "",
                "private_endpoint": "10.0.0.2",
                "private_endpoint_subnetwork": "",
                "public_endpoint": "34.38.229.248"
              }
            ],
            "private_ipv6_google_access": "",
            "project": "ip2-devops4-480317",
            "release_channel": [
              {
                "channel": "REGULAR"
              }
            ],
            "remove_default_node_pool": true,
            "resource_labels": {},
            "resource_usage_export_config": [],
            "security_posture_config": [
              {
                "mode": "BASIC",
                "vulnerability_mode": "VULNERABILITY_MODE_UNSPECIFIED"
              }
            ],
            "self_link": "https://container.googleapis.com/v1/projects/ip2-devops4-480317/zones/europe-west1-b/clusters/bordspel-platform-team12",
            "service_external_ips_config": [
              {
                "enabled": false
              }
            ],
            "services_ipv4_cidr": "34.118.224.0/20",
            "subnetwork": "projects/ip2-devops4-480317/regions/europe-west1/subnetworks/bordspel-subnet-team12",
            "timeouts": null,
            "tpu_ipv4_cidr_block": "",
            "vertical_pod_autoscaling": [],
            "workload_identity_config": [
              {
                "workload_pool": "ip2-devops4-480317.svc.id.goog"
              }
            ]
          },
          "sensitive_attributes": [],
          "private": "eyJlMmJmYjczMC1lY2FhLTExZTYtOGY4OC0zNDM2M2JjN2M0YzAiOnsiY3JlYXRlIjoyNDAwMDAwMDAwMDAwLCJkZWxldGUiOjI0MDAwMDAwMDAwMDAsInJlYWQiOjI0MDAwMDAwMDAwMDAsInVwZGF0ZSI6MzYwMDAwMDAwMDAwMH0sInNjaGVtYV92ZXJzaW9uIjoiMiJ9",
          "dependencies": [
            "google_compute_network.vpc",
            "google_compute_subnetwork.subnet"
          ]
        }
      ]
    },
    {
      "mode": "managed",
      "type": "google_container_node_pool",
      "name": "primary_nodes",
      "provider": "provider[\"registry.opentofu.org/hashicorp/google\"]",
      "instances": [
        {
          "schema_version": 1,
          "attributes": {
            "autoscaling": [
              {
                "location_policy": "BALANCED",
                "max_node_count": 5,
                "min_node_count": 1,
                "total_max_node_count": 0,
                "total_min_node_count": 0
              }
            ],
            "cluster": "bordspel-platform-team12",
            "id": "projects/ip2-devops4-480317/locations/europe-west1-b/clusters/bordspel-platform-team12/nodePools/bordspel-platform-team12-node-pool",
            "initial_node_count": 1,
            "instance_group_urls": [
              "https://www.googleapis.com/compute/v1/projects/ip2-devops4-480317/zones/europe-west1-b/instanceGroupManagers/gke-bordspel-platfor-bordspel-platfor-499b35a1-grp"
            ],
            "location": "europe-west1-b",
            "managed_instance_group_urls": [
              "https://www.googleapis.com/compute/v1/projects/ip2-devops4-480317/zones/europe-west1-b/instanceGroups/gke-bordspel-platfor-bordspel-platfor-499b35a1-grp"
            ],
            "management": [
              {
                "auto_repair": true,
                "auto_upgrade": true
              }
            ],
            "max_pods_per_node": 110,
            "name": "bordspel-platform-team12-node-pool",
            "name_prefix": "",
            "network_config": [
              {
                "additional_node_network_configs": [],
                "additional_pod_network_configs": [],
                "create_pod_range": false,
                "enable_private_nodes": false,
                "network_performance_config": [],
                "pod_cidr_overprovision_config": [],
                "pod_ipv4_cidr_block": "10.244.0.0/14",
                "pod_range": "gke-bordspel-platform-team12-pods-81fb9e38"
              }
            ],
            "node_config": [
              {
                "advanced_machine_features": [],
                "boot_disk_kms_key": "",
                "confidential_nodes": [],
                "containerd_config": [],
                "disk_size_gb": 50,
                "disk_type": "pd-standard",
                "effective_taints": [],
                "enable_confidential_storage": false,
                "ephemeral_storage_local_ssd_config": [],
                "fast_socket": [],
                "gcfs_config": [],
                "guest_accelerator": [],
                "gvnic": [],
                "host_maintenance_policy": [],
                "image_type": "COS_CONTAINERD",
                "kubelet_config": [
                  {
                    "cpu_cfs_quota": false,
                    "cpu_cfs_quota_period": "",
                    "cpu_manager_policy": "",
                    "insecure_kubelet_readonly_port_enabled": "FALSE",
                    "pod_pids_limit": 0
                  }
                ],
                "labels": {
                  "team": "team12"
                },
                "linux_node_config": [],
                "local_nvme_ssd_block_config": [],
                "local_ssd_count": 0,
                "logging_variant": "DEFAULT",
                "machine_type": "e2-standard-2",
                "metadata": {
                  "disable-legacy-endpoints": "true"
                },
                "min_cpu_platform": "",
                "node_group": "",
                "oauth_scopes": [
                  "https://www.googleapis.com/auth/cloud-platform"
                ],
                "preemptible": false,
                "reservation_affinity": [],
                "resource_labels": {
                  "goog-gke-node-pool-provisioning-model": "on-demand"
                },
                "resource_manager_tags": {},
                "secondary_boot_disks": [],
                "service_account": "default",
                "shielded_instance_config": [
                  {
                    "enable_integrity_monitoring": true,
                    "enable_secure_boot": false
                  }
                ],
                "sole_tenant_config": [],
                "spot": false,
                "tags": [
                  "gke-node",
                  "team12"
                ],
                "taint": [],
                "workload_metadata_config": [
                  {
                    "mode": "GKE_METADATA"
                  }
                ]
              }
            ],
            "node_count": 1,
            "node_locations": [
              "europe-west1-b"
            ],
            "operation": null,
            "placement_policy": [],
            "project": "ip2-devops4-480317",
            "queued_provisioning": [],
            "timeouts": null,
            "upgrade_settings": [
              {
                "blue_green_settings": [],
                "max_surge": 1,
                "max_unavailable": 0,
                "strategy": "SURGE"
              }
            ],
            "version": "1.33.5-gke.1308000"
          },
          "sensitive_attributes": [],
          "private": "eyJlMmJmYjczMC1lY2FhLTExZTYtOGY4OC0zNDM2M2JjN2M0YzAiOnsiY3JlYXRlIjoxODAwMDAwMDAwMDAwLCJkZWxldGUiOjE4MDAwMDAwMDAwMDAsInVwZGF0ZSI6MTgwMDAwMDAwMDAwMH0sInNjaGVtYV92ZXJzaW9uIjoiMSJ9",
          "dependencies": [
            "google_compute_network.vpc",
            "google_compute_subnetwork.subnet",
            "google_container_cluster.primary"
          ]
        }
      ]
    },
    {
      "mode": "managed",
      "type": "google_storage_bucket",
      "name": "stoom_images",
      "provider": "provider[\"registry.opentofu.org/hashicorp/google\"]",
      "instances": [
        {
          "schema_version": 2,
          "attributes": {
            "autoclass": [],
            "cors": [],
            "custom_placement_config": [],
            "default_event_based_hold": false,
            "effective_labels": {},
            "enable_object_retention": false,
            "encryption": [],
            "force_destroy": false,
            "id": "stoom-images-team12-ip2-devops4-480317",
            "labels": {},
            "lifecycle_rule": [],
            "location": "EUROPE-WEST1",
            "logging": [],
            "name": "stoom-images-team12-ip2-devops4-480317",
            "project": "ip2-devops4-480317",
            "project_number": 501298500362,
            "public_access_prevention": "inherited",
            "requester_pays": false,
            "retention_policy": [],
            "rpo": null,
            "self_link": "https://www.googleapis.com/storage/v1/b/stoom-images-team12-ip2-devops4-480317",
            "soft_delete_policy": [
              {
                "effective_time": "2026-01-02T02:27:55.341Z",
                "retention_duration_seconds": 604800
              }
            ],
            "storage_class": "STANDARD",
            "terraform_labels": {},
            "timeouts": null,
            "uniform_bucket_level_access": true,
            "url": "gs://stoom-images-team12-ip2-devops4-480317",
            "versioning": [
              {
                "enabled": true
              }
            ],
            "website": []
          },
          "sensitive_attributes": [],
          "private": "eyJlMmJmYjczMC1lY2FhLTExZTYtOGY4OC0zNDM2M2JjN2M0YzAiOnsiY3JlYXRlIjo2MDAwMDAwMDAwMDAsInJlYWQiOjI0MDAwMDAwMDAwMCwidXBkYXRlIjoyNDAwMDAwMDAwMDB9LCJzY2hlbWFfdmVyc2lvbiI6IjIifQ==",
          "dependencies": [
            "data.google_client_config.default"
          ]
        }
      ]
    }
  ],
  "check_results": null
}
